// !$*UTF8*$!
{
	archiveVersion = 1;
	classes = {
	};
	objectVersion = 56;
	objects = {

/* Begin PBXBuildFile section */
		401D6DAD290C8A4E00C25BB6 /* main.cpp in Sources */ = {isa = PBXBuildFile; fileRef = 401D6DAC290C8A4E00C25BB6 /* main.cpp */; };
		401D6DB8290C8D4B00C25BB6 /* glad.c in Sources */ = {isa = PBXBuildFile; fileRef = 401D6DB7290C8D4B00C25BB6 /* glad.c */; };
		401D6DBB290C8D9800C25BB6 /* libglfw.3.3.dylib in Frameworks */ = {isa = PBXBuildFile; fileRef = 401D6DBA290C8D9800C25BB6 /* libglfw.3.3.dylib */; };
/* End PBXBuildFile section */

/* Begin PBXCopyFilesBuildPhase section */
		401D6DA7290C8A4D00C25BB6 /* CopyFiles */ = {
			isa = PBXCopyFilesBuildPhase;
			buildActionMask = 2147483647;
			dstPath = /usr/share/man/man1/;
			dstSubfolderSpec = 0;
			files = (
			);
			runOnlyForDeploymentPostprocessing = 1;
		};
/* End PBXCopyFilesBuildPhase section */

/* Begin PBXFileReference section */
		401D6DA9290C8A4E00C25BB6 /* HelloWindow */ = {isa = PBXFileReference; explicitFileType = "compiled.mach-o.executable"; includeInIndex = 0; path = HelloWindow; sourceTree = BUILT_PRODUCTS_DIR; };
		401D6DAC290C8A4E00C25BB6 /* main.cpp */ = {isa = PBXFileReference; lastKnownFileType = sourcecode.cpp.cpp; path = main.cpp; sourceTree = "<group>"; };
		401D6DB4290C8D1B00C25BB6 /* glad.h */ = {isa = PBXFileReference; lastKnownFileType = sourcecode.c.h; path = glad.h; sourceTree = "<group>"; };
		401D6DB5290C8D2D00C25BB6 /* khrplatform.h */ = {isa = PBXFileReference; lastKnownFileType = sourcecode.c.h; path = khrplatform.h; sourceTree = "<group>"; };
		401D6DB7290C8D4B00C25BB6 /* glad.c */ = {isa = PBXFileReference; fileEncoding = 4; lastKnownFileType = sourcecode.c.c; path = glad.c; sourceTree = "<group>"; };
		401D6DBA290C8D9800C25BB6 /* libglfw.3.3.dylib */ = {isa = PBXFileReference; lastKnownFileType = "compiled.mach-o.dylib"; name = libglfw.3.3.dylib; path = ../../../../../opt/homebrew/Cellar/glfw/3.3.8/lib/libglfw.3.3.dylib; sourceTree = "<group>"; };
		401D6DBC290C8EC000C25BB6 /* OpenGL.framework */ = {isa = PBXFileReference; lastKnownFileType = wrapper.framework; name = OpenGL.framework; path = System/Library/Frameworks/OpenGL.framework; sourceTree = SDKROOT; };
/* End PBXFileReference section */

/* Begin PBXFrameworksBuildPhase section */
		401D6DA6290C8A4D00C25BB6 /* Frameworks */ = {
			isa = PBXFrameworksBuildPhase;
			buildActionMask = 2147483647;
			files = (
				401D6DBB290C8D9800C25BB6 /* libglfw.3.3.dylib in Frameworks */,
			);
			runOnlyForDeploymentPostprocessing = 0;
		};
/* End PBXFrameworksBuildPhase section */

/* Begin PBXGroup section */
		401D6DA0290C8A4D00C25BB6 = {
			isa = PBXGroup;
			children = (
				401D6DAB290C8A4E00C25BB6 /* HelloWindow */,
				401D6DAA290C8A4E00C25BB6 /* Products */,
				401D6DB9290C8D9800C25BB6 /* Frameworks */,
			);
			sourceTree = "<group>";
		};
		401D6DAA290C8A4E00C25BB6 /* Products */ = {
			isa = PBXGroup;
			children = (
				401D6DA9290C8A4E00C25BB6 /* HelloWindow */,
			);
			name = Products;
			sourceTree = "<group>";
		};
		401D6DAB290C8A4E00C25BB6 /* HelloWindow */ = {
			isa = PBXGroup;
			children = (
				401D6DB6290C8D3400C25BB6 /* src */,
				401D6DB3290C8C1800C25BB6 /* include */,
			);
			path = HelloWindow;
			sourceTree = "<group>";
		};
		401D6DB3290C8C1800C25BB6 /* include */ = {
			isa = PBXGroup;
			children = (
				401D6DB5290C8D2D00C25BB6 /* khrplatform.h */,
				401D6DB4290C8D1B00C25BB6 /* glad.h */,
			);
			path = include;
			sourceTree = "<group>";
		};
		401D6DB6290C8D3400C25BB6 /* src */ = {
			isa = PBXGroup;
			children = (
				401D6DB7290C8D4B00C25BB6 /* glad.c */,
				401D6DAC290C8A4E00C25BB6 /* main.cpp */,
			);
			path = src;
			sourceTree = "<group>";
		};
		401D6DB9290C8D9800C25BB6 /* Frameworks */ = {
			isa = PBXGroup;
			children = (
				401D6DBC290C8EC000C25BB6 /* OpenGL.framework */,
				401D6DBA290C8D9800C25BB6 /* libglfw.3.3.dylib */,
			);
			name = Frameworks;
			sourceTree = "<group>";
		};
/* End PBXGroup section */

/* Begin PBXNativeTarget section */
		401D6DA8290C8A4D00C25BB6 /* HelloWindow */ = {
			isa = PBXNativeTarget;
			buildConfigurationList = 401D6DB0290C8A4E00C25BB6 /* Build configuration list for PBXNativeTarget "HelloWindow" */;
			buildPhases = (
				401D6DA5290C8A4D00C25BB6 /* Sources */,
				401D6DA6290C8A4D00C25BB6 /* Frameworks */,
				401D6DA7290C8A4D00C25BB6 /* CopyFiles */,
			);
			buildRules = (
			);
			dependencies = (
			);
			name = HelloWindow;
			productName = HelloWorld;
			productReference = 401D6DA9290C8A4E00C25BB6 /* HelloWindow */;
			productType = "com.apple.product-type.tool";
		};
/* End PBXNativeTarget section */

/* Begin PBXProject section */
		401D6DA1290C8A4D00C25BB6 /* Project object */ = {
			isa = PBXProject;
			attributes = {
				BuildIndependentTargetsInParallel = 1;
				LastUpgradeCheck = 1400;
				TargetAttributes = {
					401D6DA8290C8A4D00C25BB6 = {
						CreatedOnToolsVersion = 14.0.1;
					};
				};
			};
			buildConfigurationList = 401D6DA4290C8A4D00C25BB6 /* Build configuration list for PBXProject "HelloWindow" */;
			compatibilityVersion = "Xcode 14.0";
			developmentRegion = en;
			hasScannedForEncodings = 0;
			knownRegions = (
				en,
				Base,
			);
			mainGroup = 401D6DA0290C8A4D00C25BB6;
			productRefGroup = 401D6DAA290C8A4E00C25BB6 /* Products */;
			projectDirPath = "";
			projectRoot = "";
			targets = (
				401D6DA8290C8A4D00C25BB6 /* HelloWindow */,
			);
		};
/* End PBXProject section */

/* Begin PBXSourcesBuildPhase section */
		401D6DA5290C8A4D00C25BB6 /* Sources */ = {
			isa = PBXSourcesBuildPhase;
			buildActionMask = 2147483647;
			files = (
				401D6DAD290C8A4E00C25BB6 /* main.cpp in Sources */,
				401D6DB8290C8D4B00C25BB6 /* glad.c in Sources */,
			);
			runOnlyForDeploymentPostprocessing = 0;
		};
/* End PBXSourcesBuildPhase section */

/* Begin XCBuildConfiguration section */
		401D6DAE290C8A4E00C25BB6 /* Debug */ = {
			isa = XCBuildConfiguration;
			buildSettings = {
				ALWAYS_SEARCH_USER_PATHS = NO;
				CLANG_ANALYZER_NONNULL = YES;
				CLANG_ANALYZER_NUMBER_OBJECT_CONVERSION = YES_AGGRESSIVE;
				CLANG_CXX_LANGUAGE_STANDARD = "gnu++20";
				CLANG_ENABLE_MODULES = YES;
				CLANG_ENABLE_OBJC_ARC = YES;
				CLANG_ENABLE_OBJC_WEAK = YES;
				CLANG_WARN_BLOCK_CAPTURE_AUTORELEASING = YES;
				CLANG_WARN_BOOL_CONVERSION = YES;
				CLANG_WARN_COMMA = YES;
				CLANG_WARN_CONSTANT_CONVERSION = YES;
				CLANG_WARN_DEPRECATED_OBJC_IMPLEMENTATIONS = YES;
				CLANG_WARN_DIRECT_OBJC_ISA_USAGE = YES_ERROR;
				CLANG_WARN_DOCUMENTATION_COMMENTS = YES;
				CLANG_WARN_EMPTY_BODY = YES;
				CLANG_WARN_ENUM_CONVERSION = YES;
				CLANG_WARN_INFINITE_RECURSION = YES;
				CLANG_WARN_INT_CONVERSION = YES;
				CLANG_WARN_NON_LITERAL_NULL_CONVERSION = YES;
				CLANG_WARN_OBJC_IMPLICIT_RETAIN_SELF = YES;
				CLANG_WARN_OBJC_LITERAL_CONVERSION = YES;
				CLANG_WARN_OBJC_ROOT_CLASS = YES_ERROR;
				CLANG_WARN_QUOTED_INCLUDE_IN_FRAMEWORK_HEADER = YES;
				CLANG_WARN_RANGE_LOOP_ANALYSIS = YES;
				CLANG_WARN_STRICT_PROTOTYPES = YES;
				CLANG_WARN_SUSPICIOUS_MOVE = YES;
				CLANG_WARN_UNGUARDED_AVAILABILITY = YES_AGGRESSIVE;
				CLANG_WARN_UNREACHABLE_CODE = YES;
				CLANG_WARN__DUPLICATE_METHOD_MATCH = YES;
				COPY_PHASE_STRIP = NO;
				DEBUG_INFORMATION_FORMAT = dwarf;
				ENABLE_STRICT_OBJC_MSGSEND = YES;
				ENABLE_TESTABILITY = YES;
				GCC_C_LANGUAGE_STANDARD = gnu11;
				GCC_DYNAMIC_NO_PIC = NO;
				GCC_NO_COMMON_BLOCKS = YES;
				GCC_OPTIMIZATION_LEVEL = 0;
				GCC_PREPROCESSOR_DEFINITIONS = (
					"DEBUG=1",
					"$(inherited)",
				);
				GCC_WARN_64_TO_32_BIT_CONVERSION = YES;
				GCC_WARN_ABOUT_RETURN_TYPE = YES_ERROR;
				GCC_WARN_UNDECLARED_SELECTOR = YES;
				GCC_WARN_UNINITIALIZED_AUTOS = YES_AGGRESSIVE;
				GCC_WARN_UNUSED_FUNCTION = YES;
				GCC_WARN_UNUSED_VARIABLE = YES;
				MACOSX_DEPLOYMENT_TARGET = 12.3;
				MTL_ENABLE_DEBUG_INFO = INCLUDE_SOURCE;
				MTL_FAST_MATH = YES;
				ONLY_ACTIVE_ARCH = YES;
				SDKROOT = macosx;
			};
			name = Debug;
		};
		401D6DAF290C8A4E00C25BB6 /* Release */ = {
			isa = XCBuildConfiguration;
			buildSettings = {
				ALWAYS_SEARCH_USER_PATHS = NO;
				CLANG_ANALYZER_NONNULL = YES;
				CLANG_ANALYZER_NUMBER_OBJECT_CONVERSION = YES_AGGRESSIVE;
				CLANG_CXX_LANGUAGE_STANDARD = "gnu++20";
				CLANG_ENABLE_MODULES = YES;
				CLANG_ENABLE_OBJC_ARC = YES;
				CLANG_ENABLE_OBJC_WEAK = YES;
				CLANG_WARN_BLOCK_CAPTURE_AUTORELEASING = YES;
				CLANG_WARN_BOOL_CONVERSION = YES;
				CLANG_WARN_COMMA = YES;
				CLANG_WARN_CONSTANT_CONVERSION = YES;
				CLANG_WARN_DEPRECATED_OBJC_IMPLEMENTATIONS = YES;
				CLANG_WARN_DIRECT_OBJC_ISA_USAGE = YES_ERROR;
				CLANG_WARN_DOCUMENTATION_COMMENTS = YES;
				CLANG_WARN_EMPTY_BODY = YES;
				CLANG_WARN_ENUM_CONVERSION = YES;
				CLANG_WARN_INFINITE_RECURSION = YES;
				CLANG_WARN_INT_CONVERSION = YES;
				CLANG_WARN_NON_LITERAL_NULL_CONVERSION = YES;
				CLANG_WARN_OBJC_IMPLICIT_RETAIN_SELF = YES;
				CLANG_WARN_OBJC_LITERAL_CONVERSION = YES;
				CLANG_WARN_OBJC_ROOT_CLASS = YES_ERROR;
				CLANG_WARN_QUOTED_INCLUDE_IN_FRAMEWORK_HEADER = YES;
				CLANG_WARN_RANGE_LOOP_ANALYSIS = YES;
				CLANG_WARN_STRICT_PROTOTYPES = YES;
				CLANG_WARN_SUSPICIOUS_MOVE = YES;
				CLANG_WARN_UNGUARDED_AVAILABILITY = YES_AGGRESSIVE;
				CLANG_WARN_UNREACHABLE_CODE = YES;
				CLANG_WARN__DUPLICATE_METHOD_MATCH = YES;
				COPY_PHASE_STRIP = NO;
				DEBUG_INFORMATION_FORMAT = "dwarf-with-dsym";
				ENABLE_NS_ASSERTIONS = NO;
				ENABLE_STRICT_OBJC_MSGSEND = YES;
				GCC_C_LANGUAGE_STANDARD = gnu11;
				GCC_NO_COMMON_BLOCKS = YES;
				GCC_WARN_64_TO_32_BIT_CONVERSION = YES;
				GCC_WARN_ABOUT_RETURN_TYPE = YES_ERROR;
				GCC_WARN_UNDECLARED_SELECTOR = YES;
				GCC_WARN_UNINITIALIZED_AUTOS = YES_AGGRESSIVE;
				GCC_WARN_UNUSED_FUNCTION = YES;
				GCC_WARN_UNUSED_VARIABLE = YES;
				MACOSX_DEPLOYMENT_TARGET = 12.3;
				MTL_ENABLE_DEBUG_INFO = NO;
				MTL_FAST_MATH = YES;
				SDKROOT = macosx;
			};
			name = Release;
		};
		401D6DB1290C8A4E00C25BB6 /* Debug */ = {
			isa = XCBuildConfiguration;
			buildSettings = {
				CODE_SIGN_STYLE = Automatic;
				HEADER_SEARCH_PATHS = (
					/opt/homebrew/include,
					../include,
				);
				LIBRARY_SEARCH_PATHS = /opt/homebrew/Cellar/glfw/3.3.8/lib;
				PRODUCT_NAME = "$(TARGET_NAME)";
			};
			name = Debug;
		};
		401D6DB2290C8A4E00C25BB6 /* Release */ = {
			isa = XCBuildConfiguration;
			buildSettings = {
				CODE_SIGN_STYLE = Automatic;
				HEADER_SEARCH_PATHS = (
					/opt/homebrew/include,
					../include,
				);
				LIBRARY_SEARCH_PATHS = /opt/homebrew/Cellar/glfw/3.3.8/lib;
				PRODUCT_NAME = "$(TARGET_NAME)";
			};
			name = Release;
		};
/* End XCBuildConfiguration section */

/* Begin XCConfigurationList section */
		401D6DA4290C8A4D00C25BB6 /* Build configuration list for PBXProject "HelloWindow" */ = {
			isa = XCConfigurationList;
			buildConfigurations = (
				401D6DAE290C8A4E00C25BB6 /* Debug */,
				401D6DAF290C8A4E00C25BB6 /* Release */,
			);
			defaultConfigurationIsVisible = 0;
			defaultConfigurationName = Release;
		};
		401D6DB0290C8A4E00C25BB6 /* Build configuration list for PBXNativeTarget "HelloWindow" */ = {
			isa = XCConfigurationList;
			buildConfigurations = (
				401D6DB1290C8A4E00C25BB6 /* Debug */,
				401D6DB2290C8A4E00C25BB6 /* Release */,
			);
			defaultConfigurationIsVisible = 0;
			defaultConfigurationName = Release;
		};
/* End XCConfigurationList section */
	};
	rootObject = 401D6DA1290C8A4D00C25BB6 /* Project object */;
}
