// !$*UTF8*$!
{
	archiveVersion = 1;
	classes = {
	};
	objectVersion = 56;
	objects = {

/* Begin PBXBuildFile section */
		404D778529CC21FE00ACB120 /* main.cpp in Sources */ = {isa = PBXBuildFile; fileRef = 404D778429CC21FE00ACB120 /* main.cpp */; };
		404D778D29CC228D00ACB120 /* libglfw.3.3.dylib in Frameworks */ = {isa = PBXBuildFile; fileRef = 404D778C29CC228D00ACB120 /* libglfw.3.3.dylib */; };
		404D778E29CC228D00ACB120 /* libglfw.3.3.dylib in Embed Libraries */ = {isa = PBXBuildFile; fileRef = 404D778C29CC228D00ACB120 /* libglfw.3.3.dylib */; settings = {ATTRIBUTES = (CodeSignOnCopy, ); }; };
		404D779D29CC233C00ACB120 /* glad.c in Sources */ = {isa = PBXBuildFile; fileRef = 404D779929CC233C00ACB120 /* glad.c */; };
		404D779E29CC233C00ACB120 /* stb_image.cpp in Sources */ = {isa = PBXBuildFile; fileRef = 404D779B29CC233C00ACB120 /* stb_image.cpp */; };
/* End PBXBuildFile section */

/* Begin PBXCopyFilesBuildPhase section */
		404D777F29CC21FE00ACB120 /* CopyFiles */ = {
			isa = PBXCopyFilesBuildPhase;
			buildActionMask = 2147483647;
			dstPath = /usr/share/man/man1/;
			dstSubfolderSpec = 0;
			files = (
			);
			runOnlyForDeploymentPostprocessing = 1;
		};
		404D778F29CC228D00ACB120 /* Embed Libraries */ = {
			isa = PBXCopyFilesBuildPhase;
			buildActionMask = 2147483647;
			dstPath = "";
			dstSubfolderSpec = 10;
			files = (
				404D778E29CC228D00ACB120 /* libglfw.3.3.dylib in Embed Libraries */,
			);
			name = "Embed Libraries";
			runOnlyForDeploymentPostprocessing = 0;
		};
/* End PBXCopyFilesBuildPhase section */

/* Begin PBXFileReference section */
		404D778129CC21FE00ACB120 /* TransformationsExcercise2 */ = {isa = PBXFileReference; explicitFileType = "compiled.mach-o.executable"; includeInIndex = 0; path = TransformationsExcercise2; sourceTree = BUILT_PRODUCTS_DIR; };
		404D778429CC21FE00ACB120 /* main.cpp */ = {isa = PBXFileReference; lastKnownFileType = sourcecode.cpp.cpp; path = main.cpp; sourceTree = "<group>"; };
		404D778C29CC228D00ACB120 /* libglfw.3.3.dylib */ = {isa = PBXFileReference; lastKnownFileType = "compiled.mach-o.dylib"; name = libglfw.3.3.dylib; path = ../../../../../../../../opt/homebrew/Cellar/glfw/3.3.8/lib/libglfw.3.3.dylib; sourceTree = "<group>"; };
		404D779329CC232000ACB120 /* container.jpg */ = {isa = PBXFileReference; lastKnownFileType = image.jpeg; path = container.jpg; sourceTree = "<group>"; };
		404D779429CC232000ACB120 /* awesomeface.png */ = {isa = PBXFileReference; lastKnownFileType = image.png; path = awesomeface.png; sourceTree = "<group>"; };
		404D779529CC232D00ACB120 /* stb_image.h */ = {isa = PBXFileReference; fileEncoding = 4; lastKnownFileType = sourcecode.c.h; path = stb_image.h; sourceTree = "<group>"; };
		404D779629CC232D00ACB120 /* shader_loader.h */ = {isa = PBXFileReference; fileEncoding = 4; lastKnownFileType = sourcecode.c.h; path = shader_loader.h; sourceTree = "<group>"; };
		404D779729CC232D00ACB120 /* khrplatform.h */ = {isa = PBXFileReference; fileEncoding = 4; lastKnownFileType = sourcecode.c.h; path = khrplatform.h; sourceTree = "<group>"; };
		404D779829CC232D00ACB120 /* glad.h */ = {isa = PBXFileReference; fileEncoding = 4; lastKnownFileType = sourcecode.c.h; path = glad.h; sourceTree = "<group>"; };
		404D779929CC233C00ACB120 /* glad.c */ = {isa = PBXFileReference; fileEncoding = 4; lastKnownFileType = sourcecode.c.c; path = glad.c; sourceTree = "<group>"; };
		404D779A29CC233C00ACB120 /* textures.fs */ = {isa = PBXFileReference; fileEncoding = 4; lastKnownFileType = sourcecode.glsl; path = textures.fs; sourceTree = "<group>"; };
		404D779B29CC233C00ACB120 /* stb_image.cpp */ = {isa = PBXFileReference; fileEncoding = 4; lastKnownFileType = sourcecode.cpp.cpp; path = stb_image.cpp; sourceTree = "<group>"; };
		404D779C29CC233C00ACB120 /* textures.vs */ = {isa = PBXFileReference; fileEncoding = 4; lastKnownFileType = sourcecode.glsl; path = textures.vs; sourceTree = "<group>"; };
/* End PBXFileReference section */

/* Begin PBXFrameworksBuildPhase section */
		404D777E29CC21FE00ACB120 /* Frameworks */ = {
			isa = PBXFrameworksBuildPhase;
			buildActionMask = 2147483647;
			files = (
				404D778D29CC228D00ACB120 /* libglfw.3.3.dylib in Frameworks */,
			);
			runOnlyForDeploymentPostprocessing = 0;
		};
/* End PBXFrameworksBuildPhase section */

/* Begin PBXGroup section */
		404D777829CC21FE00ACB120 = {
			isa = PBXGroup;
			children = (
				404D778329CC21FE00ACB120 /* TransformationsExcercise2 */,
				404D778229CC21FE00ACB120 /* Products */,
				404D778B29CC228D00ACB120 /* Frameworks */,
			);
			sourceTree = "<group>";
		};
		404D778229CC21FE00ACB120 /* Products */ = {
			isa = PBXGroup;
			children = (
				404D778129CC21FE00ACB120 /* TransformationsExcercise2 */,
			);
			name = Products;
			sourceTree = "<group>";
		};
		404D778329CC21FE00ACB120 /* TransformationsExcercise2 */ = {
			isa = PBXGroup;
			children = (
				404D779229CC22C100ACB120 /* resources */,
				404D779129CC22B800ACB120 /* include */,
				404D779029CC22B000ACB120 /* src */,
			);
			path = TransformationsExcercise2;
			sourceTree = "<group>";
		};
		404D778B29CC228D00ACB120 /* Frameworks */ = {
			isa = PBXGroup;
			children = (
				404D778C29CC228D00ACB120 /* libglfw.3.3.dylib */,
			);
			name = Frameworks;
			sourceTree = "<group>";
		};
		404D779029CC22B000ACB120 /* src */ = {
			isa = PBXGroup;
			children = (
				404D779929CC233C00ACB120 /* glad.c */,
				404D779B29CC233C00ACB120 /* stb_image.cpp */,
				404D779A29CC233C00ACB120 /* textures.fs */,
				404D779C29CC233C00ACB120 /* textures.vs */,
				404D778429CC21FE00ACB120 /* main.cpp */,
			);
			path = src;
			sourceTree = "<group>";
		};
		404D779129CC22B800ACB120 /* include */ = {
			isa = PBXGroup;
			children = (
				404D779829CC232D00ACB120 /* glad.h */,
				404D779729CC232D00ACB120 /* khrplatform.h */,
				404D779629CC232D00ACB120 /* shader_loader.h */,
				404D779529CC232D00ACB120 /* stb_image.h */,
			);
			path = include;
			sourceTree = "<group>";
		};
		404D779229CC22C100ACB120 /* resources */ = {
			isa = PBXGroup;
			children = (
				404D779429CC232000ACB120 /* awesomeface.png */,
				404D779329CC232000ACB120 /* container.jpg */,
			);
			path = resources;
			sourceTree = "<group>";
		};
/* End PBXGroup section */

/* Begin PBXNativeTarget section */
		404D778029CC21FE00ACB120 /* TransformationsExcercise2 */ = {
			isa = PBXNativeTarget;
			buildConfigurationList = 404D778829CC21FE00ACB120 /* Build configuration list for PBXNativeTarget "TransformationsExcercise2" */;
			buildPhases = (
				404D777D29CC21FE00ACB120 /* Sources */,
				404D777E29CC21FE00ACB120 /* Frameworks */,
				404D777F29CC21FE00ACB120 /* CopyFiles */,
				404D778F29CC228D00ACB120 /* Embed Libraries */,
			);
			buildRules = (
			);
			dependencies = (
			);
			name = TransformationsExcercise2;
			productName = TransformationsExcercise2;
			productReference = 404D778129CC21FE00ACB120 /* TransformationsExcercise2 */;
			productType = "com.apple.product-type.tool";
		};
/* End PBXNativeTarget section */

/* Begin PBXProject section */
		404D777929CC21FE00ACB120 /* Project object */ = {
			isa = PBXProject;
			attributes = {
				BuildIndependentTargetsInParallel = 1;
				LastUpgradeCheck = 1420;
				TargetAttributes = {
					404D778029CC21FE00ACB120 = {
						CreatedOnToolsVersion = 14.2;
					};
				};
			};
			buildConfigurationList = 404D777C29CC21FE00ACB120 /* Build configuration list for PBXProject "TransformationsExcercise2" */;
			compatibilityVersion = "Xcode 14.0";
			developmentRegion = en;
			hasScannedForEncodings = 0;
			knownRegions = (
				en,
				Base,
			);
			mainGroup = 404D777829CC21FE00ACB120;
			productRefGroup = 404D778229CC21FE00ACB120 /* Products */;
			projectDirPath = "";
			projectRoot = "";
			targets = (
				404D778029CC21FE00ACB120 /* TransformationsExcercise2 */,
			);
		};
/* End PBXProject section */

/* Begin PBXSourcesBuildPhase section */
		404D777D29CC21FE00ACB120 /* Sources */ = {
			isa = PBXSourcesBuildPhase;
			buildActionMask = 2147483647;
			files = (
				404D779E29CC233C00ACB120 /* stb_image.cpp in Sources */,
				404D778529CC21FE00ACB120 /* main.cpp in Sources */,
				404D779D29CC233C00ACB120 /* glad.c in Sources */,
			);
			runOnlyForDeploymentPostprocessing = 0;
		};
/* End PBXSourcesBuildPhase section */

/* Begin XCBuildConfiguration section */
		404D778629CC21FE00ACB120 /* Debug */ = {
			isa = XCBuildConfiguration;
			buildSettings = {
				ALWAYS_SEARCH_USER_PATHS = NO;
				CLANG_ANALYZER_NONNULL = YES;
				CLANG_ANALYZER_NUMBER_OBJECT_CONVERSION = YES_AGGRESSIVE;
				CLANG_CXX_LANGUAGE_STANDARD = "gnu++20";
				CLANG_ENABLE_MODULES = YES;
				CLANG_ENABLE_OBJC_ARC = YES;
				CLANG_ENABLE_OBJC_WEAK = YES;
				CLANG_WARN_BLOCK_CAPTURE_AUTORELEASING = YES;
				CLANG_WARN_BOOL_CONVERSION = YES;
				CLANG_WARN_COMMA = YES;
				CLANG_WARN_CONSTANT_CONVERSION = YES;
				CLANG_WARN_DEPRECATED_OBJC_IMPLEMENTATIONS = YES;
				CLANG_WARN_DIRECT_OBJC_ISA_USAGE = YES_ERROR;
				CLANG_WARN_DOCUMENTATION_COMMENTS = YES;
				CLANG_WARN_EMPTY_BODY = YES;
				CLANG_WARN_ENUM_CONVERSION = YES;
				CLANG_WARN_INFINITE_RECURSION = YES;
				CLANG_WARN_INT_CONVERSION = YES;
				CLANG_WARN_NON_LITERAL_NULL_CONVERSION = YES;
				CLANG_WARN_OBJC_IMPLICIT_RETAIN_SELF = YES;
				CLANG_WARN_OBJC_LITERAL_CONVERSION = YES;
				CLANG_WARN_OBJC_ROOT_CLASS = YES_ERROR;
				CLANG_WARN_QUOTED_INCLUDE_IN_FRAMEWORK_HEADER = YES;
				CLANG_WARN_RANGE_LOOP_ANALYSIS = YES;
				CLANG_WARN_STRICT_PROTOTYPES = YES;
				CLANG_WARN_SUSPICIOUS_MOVE = YES;
				CLANG_WARN_UNGUARDED_AVAILABILITY = YES_AGGRESSIVE;
				CLANG_WARN_UNREACHABLE_CODE = YES;
				CLANG_WARN__DUPLICATE_METHOD_MATCH = YES;
				COPY_PHASE_STRIP = NO;
				DEBUG_INFORMATION_FORMAT = dwarf;
				ENABLE_STRICT_OBJC_MSGSEND = YES;
				ENABLE_TESTABILITY = YES;
				GCC_C_LANGUAGE_STANDARD = gnu11;
				GCC_DYNAMIC_NO_PIC = NO;
				GCC_NO_COMMON_BLOCKS = YES;
				GCC_OPTIMIZATION_LEVEL = 0;
				GCC_PREPROCESSOR_DEFINITIONS = (
					"DEBUG=1",
					"$(inherited)",
				);
				GCC_WARN_64_TO_32_BIT_CONVERSION = YES;
				GCC_WARN_ABOUT_RETURN_TYPE = YES_ERROR;
				GCC_WARN_UNDECLARED_SELECTOR = YES;
				GCC_WARN_UNINITIALIZED_AUTOS = YES_AGGRESSIVE;
				GCC_WARN_UNUSED_FUNCTION = YES;
				GCC_WARN_UNUSED_VARIABLE = YES;
				MACOSX_DEPLOYMENT_TARGET = 13.1;
				MTL_ENABLE_DEBUG_INFO = INCLUDE_SOURCE;
				MTL_FAST_MATH = YES;
				ONLY_ACTIVE_ARCH = YES;
				SDKROOT = macosx;
			};
			name = Debug;
		};
		404D778729CC21FE00ACB120 /* Release */ = {
			isa = XCBuildConfiguration;
			buildSettings = {
				ALWAYS_SEARCH_USER_PATHS = NO;
				CLANG_ANALYZER_NONNULL = YES;
				CLANG_ANALYZER_NUMBER_OBJECT_CONVERSION = YES_AGGRESSIVE;
				CLANG_CXX_LANGUAGE_STANDARD = "gnu++20";
				CLANG_ENABLE_MODULES = YES;
				CLANG_ENABLE_OBJC_ARC = YES;
				CLANG_ENABLE_OBJC_WEAK = YES;
				CLANG_WARN_BLOCK_CAPTURE_AUTORELEASING = YES;
				CLANG_WARN_BOOL_CONVERSION = YES;
				CLANG_WARN_COMMA = YES;
				CLANG_WARN_CONSTANT_CONVERSION = YES;
				CLANG_WARN_DEPRECATED_OBJC_IMPLEMENTATIONS = YES;
				CLANG_WARN_DIRECT_OBJC_ISA_USAGE = YES_ERROR;
				CLANG_WARN_DOCUMENTATION_COMMENTS = YES;
				CLANG_WARN_EMPTY_BODY = YES;
				CLANG_WARN_ENUM_CONVERSION = YES;
				CLANG_WARN_INFINITE_RECURSION = YES;
				CLANG_WARN_INT_CONVERSION = YES;
				CLANG_WARN_NON_LITERAL_NULL_CONVERSION = YES;
				CLANG_WARN_OBJC_IMPLICIT_RETAIN_SELF = YES;
				CLANG_WARN_OBJC_LITERAL_CONVERSION = YES;
				CLANG_WARN_OBJC_ROOT_CLASS = YES_ERROR;
				CLANG_WARN_QUOTED_INCLUDE_IN_FRAMEWORK_HEADER = YES;
				CLANG_WARN_RANGE_LOOP_ANALYSIS = YES;
				CLANG_WARN_STRICT_PROTOTYPES = YES;
				CLANG_WARN_SUSPICIOUS_MOVE = YES;
				CLANG_WARN_UNGUARDED_AVAILABILITY = YES_AGGRESSIVE;
				CLANG_WARN_UNREACHABLE_CODE = YES;
				CLANG_WARN__DUPLICATE_METHOD_MATCH = YES;
				COPY_PHASE_STRIP = NO;
				DEBUG_INFORMATION_FORMAT = "dwarf-with-dsym";
				ENABLE_NS_ASSERTIONS = NO;
				ENABLE_STRICT_OBJC_MSGSEND = YES;
				GCC_C_LANGUAGE_STANDARD = gnu11;
				GCC_NO_COMMON_BLOCKS = YES;
				GCC_WARN_64_TO_32_BIT_CONVERSION = YES;
				GCC_WARN_ABOUT_RETURN_TYPE = YES_ERROR;
				GCC_WARN_UNDECLARED_SELECTOR = YES;
				GCC_WARN_UNINITIALIZED_AUTOS = YES_AGGRESSIVE;
				GCC_WARN_UNUSED_FUNCTION = YES;
				GCC_WARN_UNUSED_VARIABLE = YES;
				MACOSX_DEPLOYMENT_TARGET = 13.1;
				MTL_ENABLE_DEBUG_INFO = NO;
				MTL_FAST_MATH = YES;
				SDKROOT = macosx;
			};
			name = Release;
		};
		404D778929CC21FE00ACB120 /* Debug */ = {
			isa = XCBuildConfiguration;
			buildSettings = {
				CODE_SIGN_STYLE = Automatic;
				HEADER_SEARCH_PATHS = /opt/homebrew/include;
				LIBRARY_SEARCH_PATHS = (
					"$(inherited)",
					/opt/homebrew/Cellar/glfw/3.3.8/lib,
				);
				PRODUCT_NAME = "$(TARGET_NAME)";
			};
			name = Debug;
		};
		404D778A29CC21FE00ACB120 /* Release */ = {
			isa = XCBuildConfiguration;
			buildSettings = {
				CODE_SIGN_STYLE = Automatic;
				HEADER_SEARCH_PATHS = /opt/homebrew/include;
				LIBRARY_SEARCH_PATHS = (
					"$(inherited)",
					/opt/homebrew/Cellar/glfw/3.3.8/lib,
				);
				PRODUCT_NAME = "$(TARGET_NAME)";
			};
			name = Release;
		};
/* End XCBuildConfiguration section */

/* Begin XCConfigurationList section */
		404D777C29CC21FE00ACB120 /* Build configuration list for PBXProject "TransformationsExcercise2" */ = {
			isa = XCConfigurationList;
			buildConfigurations = (
				404D778629CC21FE00ACB120 /* Debug */,
				404D778729CC21FE00ACB120 /* Release */,
			);
			defaultConfigurationIsVisible = 0;
			defaultConfigurationName = Release;
		};
		404D778829CC21FE00ACB120 /* Build configuration list for PBXNativeTarget "TransformationsExcercise2" */ = {
			isa = XCConfigurationList;
			buildConfigurations = (
				404D778929CC21FE00ACB120 /* Debug */,
				404D778A29CC21FE00ACB120 /* Release */,
			);
			defaultConfigurationIsVisible = 0;
			defaultConfigurationName = Release;
		};
/* End XCConfigurationList section */
	};
	rootObject = 404D777929CC21FE00ACB120 /* Project object */;
}
