// !$*UTF8*$!
{
	archiveVersion = 1;
	classes = {
	};
	objectVersion = 56;
	objects = {

/* Begin PBXBuildFile section */
		4024073F29C42A7000EC3EE3 /* libglfw.3.3.dylib in Frameworks */ = {isa = PBXBuildFile; fileRef = 40DABC1C29BC4E2E00016198 /* libglfw.3.3.dylib */; };
		4024074029C42A7000EC3EE3 /* libglfw.3.3.dylib in Embed Libraries */ = {isa = PBXBuildFile; fileRef = 40DABC1C29BC4E2E00016198 /* libglfw.3.3.dylib */; settings = {ATTRIBUTES = (CodeSignOnCopy, ); }; };
		40DABC1529BC4E1800016198 /* main.cpp in Sources */ = {isa = PBXBuildFile; fileRef = 40DABC1429BC4E1800016198 /* main.cpp */; };
		40DABC2D29BC4EF000016198 /* glad.c in Sources */ = {isa = PBXBuildFile; fileRef = 40DABC2929BC4EF000016198 /* glad.c */; };
		40DABC2E29BC4EF000016198 /* stb_image.cpp in Sources */ = {isa = PBXBuildFile; fileRef = 40DABC2B29BC4EF000016198 /* stb_image.cpp */; };
/* End PBXBuildFile section */

/* Begin PBXCopyFilesBuildPhase section */
		4024074129C42A7000EC3EE3 /* Embed Libraries */ = {
			isa = PBXCopyFilesBuildPhase;
			buildActionMask = 2147483647;
			dstPath = "";
			dstSubfolderSpec = 10;
			files = (
				4024074029C42A7000EC3EE3 /* libglfw.3.3.dylib in Embed Libraries */,
			);
			name = "Embed Libraries";
			runOnlyForDeploymentPostprocessing = 0;
		};
		40DABC0F29BC4E1800016198 /* CopyFiles */ = {
			isa = PBXCopyFilesBuildPhase;
			buildActionMask = 2147483647;
			dstPath = /usr/share/man/man1/;
			dstSubfolderSpec = 0;
			files = (
			);
			runOnlyForDeploymentPostprocessing = 1;
		};
/* End PBXCopyFilesBuildPhase section */

/* Begin PBXFileReference section */
		4024073E29C42A5500EC3EE3 /* opt */ = {isa = PBXFileReference; lastKnownFileType = folder; name = opt; path = ../../../../../../../../opt; sourceTree = "<group>"; };
		40DABC1129BC4E1800016198 /* TexturesExcercise4 */ = {isa = PBXFileReference; explicitFileType = "compiled.mach-o.executable"; includeInIndex = 0; path = TexturesExcercise4; sourceTree = BUILT_PRODUCTS_DIR; };
		40DABC1429BC4E1800016198 /* main.cpp */ = {isa = PBXFileReference; lastKnownFileType = sourcecode.cpp.cpp; path = main.cpp; sourceTree = "<group>"; };
		40DABC1C29BC4E2E00016198 /* libglfw.3.3.dylib */ = {isa = PBXFileReference; lastKnownFileType = "compiled.mach-o.dylib"; name = libglfw.3.3.dylib; path = ../../../../../../../../../opt/homebrew/Cellar/glfw/3.3.8/lib/libglfw.3.3.dylib; sourceTree = "<group>"; };
		40DABC2329BC4ED100016198 /* awesomeface.png */ = {isa = PBXFileReference; lastKnownFileType = image.png; path = awesomeface.png; sourceTree = "<group>"; };
		40DABC2429BC4ED100016198 /* container.jpg */ = {isa = PBXFileReference; lastKnownFileType = image.jpeg; path = container.jpg; sourceTree = "<group>"; };
		40DABC2529BC4EE000016198 /* stb_image.h */ = {isa = PBXFileReference; fileEncoding = 4; lastKnownFileType = sourcecode.c.h; path = stb_image.h; sourceTree = "<group>"; };
		40DABC2629BC4EE000016198 /* khrplatform.h */ = {isa = PBXFileReference; fileEncoding = 4; lastKnownFileType = sourcecode.c.h; path = khrplatform.h; sourceTree = "<group>"; };
		40DABC2729BC4EE000016198 /* shader_loader.h */ = {isa = PBXFileReference; fileEncoding = 4; lastKnownFileType = sourcecode.c.h; path = shader_loader.h; sourceTree = "<group>"; };
		40DABC2829BC4EE100016198 /* glad.h */ = {isa = PBXFileReference; fileEncoding = 4; lastKnownFileType = sourcecode.c.h; path = glad.h; sourceTree = "<group>"; };
		40DABC2929BC4EF000016198 /* glad.c */ = {isa = PBXFileReference; fileEncoding = 4; lastKnownFileType = sourcecode.c.c; path = glad.c; sourceTree = "<group>"; };
		40DABC2A29BC4EF000016198 /* textures.vs */ = {isa = PBXFileReference; fileEncoding = 4; lastKnownFileType = sourcecode.glsl; path = textures.vs; sourceTree = "<group>"; };
		40DABC2B29BC4EF000016198 /* stb_image.cpp */ = {isa = PBXFileReference; fileEncoding = 4; lastKnownFileType = sourcecode.cpp.cpp; path = stb_image.cpp; sourceTree = "<group>"; };
		40DABC2C29BC4EF000016198 /* textures.fs */ = {isa = PBXFileReference; fileEncoding = 4; lastKnownFileType = sourcecode.glsl; path = textures.fs; sourceTree = "<group>"; };
/* End PBXFileReference section */

/* Begin PBXFrameworksBuildPhase section */
		40DABC0E29BC4E1800016198 /* Frameworks */ = {
			isa = PBXFrameworksBuildPhase;
			buildActionMask = 2147483647;
			files = (
				4024073F29C42A7000EC3EE3 /* libglfw.3.3.dylib in Frameworks */,
			);
			runOnlyForDeploymentPostprocessing = 0;
		};
/* End PBXFrameworksBuildPhase section */

/* Begin PBXGroup section */
		40DABC0829BC4E1800016198 = {
			isa = PBXGroup;
			children = (
				40DABC1329BC4E1800016198 /* TexturesExcercise4 */,
				40DABC1229BC4E1800016198 /* Products */,
				40DABC1B29BC4E2E00016198 /* Frameworks */,
			);
			sourceTree = "<group>";
		};
		40DABC1229BC4E1800016198 /* Products */ = {
			isa = PBXGroup;
			children = (
				40DABC1129BC4E1800016198 /* TexturesExcercise4 */,
			);
			name = Products;
			sourceTree = "<group>";
		};
		40DABC1329BC4E1800016198 /* TexturesExcercise4 */ = {
			isa = PBXGroup;
			children = (
				40DABC2229BC4E8100016198 /* resources */,
				40DABC2129BC4E7600016198 /* include */,
				40DABC2029BC4E6E00016198 /* src */,
			);
			path = TexturesExcercise4;
			sourceTree = "<group>";
		};
		40DABC1B29BC4E2E00016198 /* Frameworks */ = {
			isa = PBXGroup;
			children = (
				4024073E29C42A5500EC3EE3 /* opt */,
				40DABC1C29BC4E2E00016198 /* libglfw.3.3.dylib */,
			);
			name = Frameworks;
			sourceTree = "<group>";
		};
		40DABC2029BC4E6E00016198 /* src */ = {
			isa = PBXGroup;
			children = (
				40DABC2929BC4EF000016198 /* glad.c */,
				40DABC2B29BC4EF000016198 /* stb_image.cpp */,
				40DABC2C29BC4EF000016198 /* textures.fs */,
				40DABC2A29BC4EF000016198 /* textures.vs */,
				40DABC1429BC4E1800016198 /* main.cpp */,
			);
			path = src;
			sourceTree = "<group>";
		};
		40DABC2129BC4E7600016198 /* include */ = {
			isa = PBXGroup;
			children = (
				40DABC2829BC4EE100016198 /* glad.h */,
				40DABC2629BC4EE000016198 /* khrplatform.h */,
				40DABC2729BC4EE000016198 /* shader_loader.h */,
				40DABC2529BC4EE000016198 /* stb_image.h */,
			);
			path = include;
			sourceTree = "<group>";
		};
		40DABC2229BC4E8100016198 /* resources */ = {
			isa = PBXGroup;
			children = (
				40DABC2329BC4ED100016198 /* awesomeface.png */,
				40DABC2429BC4ED100016198 /* container.jpg */,
			);
			path = resources;
			sourceTree = "<group>";
		};
/* End PBXGroup section */

/* Begin PBXNativeTarget section */
		40DABC1029BC4E1800016198 /* TexturesExcercise4 */ = {
			isa = PBXNativeTarget;
			buildConfigurationList = 40DABC1829BC4E1800016198 /* Build configuration list for PBXNativeTarget "TexturesExcercise4" */;
			buildPhases = (
				40DABC0D29BC4E1800016198 /* Sources */,
				40DABC0E29BC4E1800016198 /* Frameworks */,
				40DABC0F29BC4E1800016198 /* CopyFiles */,
				4024074129C42A7000EC3EE3 /* Embed Libraries */,
			);
			buildRules = (
			);
			dependencies = (
			);
			name = TexturesExcercise4;
			productName = TexturesExcercise4;
			productReference = 40DABC1129BC4E1800016198 /* TexturesExcercise4 */;
			productType = "com.apple.product-type.tool";
		};
/* End PBXNativeTarget section */

/* Begin PBXProject section */
		40DABC0929BC4E1800016198 /* Project object */ = {
			isa = PBXProject;
			attributes = {
				BuildIndependentTargetsInParallel = 1;
				LastUpgradeCheck = 1420;
				TargetAttributes = {
					40DABC1029BC4E1800016198 = {
						CreatedOnToolsVersion = 14.2;
					};
				};
			};
			buildConfigurationList = 40DABC0C29BC4E1800016198 /* Build configuration list for PBXProject "TexturesExcercise4" */;
			compatibilityVersion = "Xcode 14.0";
			developmentRegion = en;
			hasScannedForEncodings = 0;
			knownRegions = (
				en,
				Base,
			);
			mainGroup = 40DABC0829BC4E1800016198;
			productRefGroup = 40DABC1229BC4E1800016198 /* Products */;
			projectDirPath = "";
			projectRoot = "";
			targets = (
				40DABC1029BC4E1800016198 /* TexturesExcercise4 */,
			);
		};
/* End PBXProject section */

/* Begin PBXSourcesBuildPhase section */
		40DABC0D29BC4E1800016198 /* Sources */ = {
			isa = PBXSourcesBuildPhase;
			buildActionMask = 2147483647;
			files = (
				40DABC2E29BC4EF000016198 /* stb_image.cpp in Sources */,
				40DABC1529BC4E1800016198 /* main.cpp in Sources */,
				40DABC2D29BC4EF000016198 /* glad.c in Sources */,
			);
			runOnlyForDeploymentPostprocessing = 0;
		};
/* End PBXSourcesBuildPhase section */

/* Begin XCBuildConfiguration section */
		40DABC1629BC4E1800016198 /* Debug */ = {
			isa = XCBuildConfiguration;
			buildSettings = {
				ALWAYS_SEARCH_USER_PATHS = NO;
				CLANG_ANALYZER_NONNULL = YES;
				CLANG_ANALYZER_NUMBER_OBJECT_CONVERSION = YES_AGGRESSIVE;
				CLANG_CXX_LANGUAGE_STANDARD = "gnu++20";
				CLANG_ENABLE_MODULES = YES;
				CLANG_ENABLE_OBJC_ARC = YES;
				CLANG_ENABLE_OBJC_WEAK = YES;
				CLANG_WARN_BLOCK_CAPTURE_AUTORELEASING = YES;
				CLANG_WARN_BOOL_CONVERSION = YES;
				CLANG_WARN_COMMA = YES;
				CLANG_WARN_CONSTANT_CONVERSION = YES;
				CLANG_WARN_DEPRECATED_OBJC_IMPLEMENTATIONS = YES;
				CLANG_WARN_DIRECT_OBJC_ISA_USAGE = YES_ERROR;
				CLANG_WARN_DOCUMENTATION_COMMENTS = YES;
				CLANG_WARN_EMPTY_BODY = YES;
				CLANG_WARN_ENUM_CONVERSION = YES;
				CLANG_WARN_INFINITE_RECURSION = YES;
				CLANG_WARN_INT_CONVERSION = YES;
				CLANG_WARN_NON_LITERAL_NULL_CONVERSION = YES;
				CLANG_WARN_OBJC_IMPLICIT_RETAIN_SELF = YES;
				CLANG_WARN_OBJC_LITERAL_CONVERSION = YES;
				CLANG_WARN_OBJC_ROOT_CLASS = YES_ERROR;
				CLANG_WARN_QUOTED_INCLUDE_IN_FRAMEWORK_HEADER = YES;
				CLANG_WARN_RANGE_LOOP_ANALYSIS = YES;
				CLANG_WARN_STRICT_PROTOTYPES = YES;
				CLANG_WARN_SUSPICIOUS_MOVE = YES;
				CLANG_WARN_UNGUARDED_AVAILABILITY = YES_AGGRESSIVE;
				CLANG_WARN_UNREACHABLE_CODE = YES;
				CLANG_WARN__DUPLICATE_METHOD_MATCH = YES;
				COPY_PHASE_STRIP = NO;
				DEBUG_INFORMATION_FORMAT = dwarf;
				ENABLE_STRICT_OBJC_MSGSEND = YES;
				ENABLE_TESTABILITY = YES;
				GCC_C_LANGUAGE_STANDARD = gnu11;
				GCC_DYNAMIC_NO_PIC = NO;
				GCC_NO_COMMON_BLOCKS = YES;
				GCC_OPTIMIZATION_LEVEL = 0;
				GCC_PREPROCESSOR_DEFINITIONS = (
					"DEBUG=1",
					"$(inherited)",
				);
				GCC_WARN_64_TO_32_BIT_CONVERSION = YES;
				GCC_WARN_ABOUT_RETURN_TYPE = YES_ERROR;
				GCC_WARN_UNDECLARED_SELECTOR = YES;
				GCC_WARN_UNINITIALIZED_AUTOS = YES_AGGRESSIVE;
				GCC_WARN_UNUSED_FUNCTION = YES;
				GCC_WARN_UNUSED_VARIABLE = YES;
				MACOSX_DEPLOYMENT_TARGET = 13.1;
				MTL_ENABLE_DEBUG_INFO = INCLUDE_SOURCE;
				MTL_FAST_MATH = YES;
				ONLY_ACTIVE_ARCH = YES;
				SDKROOT = macosx;
			};
			name = Debug;
		};
		40DABC1729BC4E1800016198 /* Release */ = {
			isa = XCBuildConfiguration;
			buildSettings = {
				ALWAYS_SEARCH_USER_PATHS = NO;
				CLANG_ANALYZER_NONNULL = YES;
				CLANG_ANALYZER_NUMBER_OBJECT_CONVERSION = YES_AGGRESSIVE;
				CLANG_CXX_LANGUAGE_STANDARD = "gnu++20";
				CLANG_ENABLE_MODULES = YES;
				CLANG_ENABLE_OBJC_ARC = YES;
				CLANG_ENABLE_OBJC_WEAK = YES;
				CLANG_WARN_BLOCK_CAPTURE_AUTORELEASING = YES;
				CLANG_WARN_BOOL_CONVERSION = YES;
				CLANG_WARN_COMMA = YES;
				CLANG_WARN_CONSTANT_CONVERSION = YES;
				CLANG_WARN_DEPRECATED_OBJC_IMPLEMENTATIONS = YES;
				CLANG_WARN_DIRECT_OBJC_ISA_USAGE = YES_ERROR;
				CLANG_WARN_DOCUMENTATION_COMMENTS = YES;
				CLANG_WARN_EMPTY_BODY = YES;
				CLANG_WARN_ENUM_CONVERSION = YES;
				CLANG_WARN_INFINITE_RECURSION = YES;
				CLANG_WARN_INT_CONVERSION = YES;
				CLANG_WARN_NON_LITERAL_NULL_CONVERSION = YES;
				CLANG_WARN_OBJC_IMPLICIT_RETAIN_SELF = YES;
				CLANG_WARN_OBJC_LITERAL_CONVERSION = YES;
				CLANG_WARN_OBJC_ROOT_CLASS = YES_ERROR;
				CLANG_WARN_QUOTED_INCLUDE_IN_FRAMEWORK_HEADER = YES;
				CLANG_WARN_RANGE_LOOP_ANALYSIS = YES;
				CLANG_WARN_STRICT_PROTOTYPES = YES;
				CLANG_WARN_SUSPICIOUS_MOVE = YES;
				CLANG_WARN_UNGUARDED_AVAILABILITY = YES_AGGRESSIVE;
				CLANG_WARN_UNREACHABLE_CODE = YES;
				CLANG_WARN__DUPLICATE_METHOD_MATCH = YES;
				COPY_PHASE_STRIP = NO;
				DEBUG_INFORMATION_FORMAT = "dwarf-with-dsym";
				ENABLE_NS_ASSERTIONS = NO;
				ENABLE_STRICT_OBJC_MSGSEND = YES;
				GCC_C_LANGUAGE_STANDARD = gnu11;
				GCC_NO_COMMON_BLOCKS = YES;
				GCC_WARN_64_TO_32_BIT_CONVERSION = YES;
				GCC_WARN_ABOUT_RETURN_TYPE = YES_ERROR;
				GCC_WARN_UNDECLARED_SELECTOR = YES;
				GCC_WARN_UNINITIALIZED_AUTOS = YES_AGGRESSIVE;
				GCC_WARN_UNUSED_FUNCTION = YES;
				GCC_WARN_UNUSED_VARIABLE = YES;
				MACOSX_DEPLOYMENT_TARGET = 13.1;
				MTL_ENABLE_DEBUG_INFO = NO;
				MTL_FAST_MATH = YES;
				SDKROOT = macosx;
			};
			name = Release;
		};
		40DABC1929BC4E1800016198 /* Debug */ = {
			isa = XCBuildConfiguration;
			buildSettings = {
				CODE_SIGN_STYLE = Automatic;
				HEADER_SEARCH_PATHS = /opt/homebrew/include;
				LIBRARY_SEARCH_PATHS = (
					"$(inherited)",
					/opt/homebrew/Cellar/glfw/3.3.8/lib,
				);
				PRODUCT_NAME = "$(TARGET_NAME)";
			};
			name = Debug;
		};
		40DABC1A29BC4E1800016198 /* Release */ = {
			isa = XCBuildConfiguration;
			buildSettings = {
				CODE_SIGN_STYLE = Automatic;
				HEADER_SEARCH_PATHS = /opt/homebrew/include;
				LIBRARY_SEARCH_PATHS = (
					"$(inherited)",
					/opt/homebrew/Cellar/glfw/3.3.8/lib,
				);
				PRODUCT_NAME = "$(TARGET_NAME)";
			};
			name = Release;
		};
/* End XCBuildConfiguration section */

/* Begin XCConfigurationList section */
		40DABC0C29BC4E1800016198 /* Build configuration list for PBXProject "TexturesExcercise4" */ = {
			isa = XCConfigurationList;
			buildConfigurations = (
				40DABC1629BC4E1800016198 /* Debug */,
				40DABC1729BC4E1800016198 /* Release */,
			);
			defaultConfigurationIsVisible = 0;
			defaultConfigurationName = Release;
		};
		40DABC1829BC4E1800016198 /* Build configuration list for PBXNativeTarget "TexturesExcercise4" */ = {
			isa = XCConfigurationList;
			buildConfigurations = (
				40DABC1929BC4E1800016198 /* Debug */,
				40DABC1A29BC4E1800016198 /* Release */,
			);
			defaultConfigurationIsVisible = 0;
			defaultConfigurationName = Release;
		};
/* End XCConfigurationList section */
	};
	rootObject = 40DABC0929BC4E1800016198 /* Project object */;
}
