// !$*UTF8*$!
{
	archiveVersion = 1;
	classes = {
	};
	objectVersion = 56;
	objects = {

/* Begin PBXBuildFile section */
		404E3FC629CB273000BBE7E4 /* main.cpp in Sources */ = {isa = PBXBuildFile; fileRef = 404E3FC529CB273000BBE7E4 /* main.cpp */; };
		404E3FD929CB27BD00BBE7E4 /* stb_image.cpp in Sources */ = {isa = PBXBuildFile; fileRef = 404E3FD529CB27BD00BBE7E4 /* stb_image.cpp */; };
		404E3FDA29CB27BD00BBE7E4 /* glad.c in Sources */ = {isa = PBXBuildFile; fileRef = 404E3FD629CB27BD00BBE7E4 /* glad.c */; };
		404E3FDD29CB289C00BBE7E4 /* libglfw.3.3.dylib in Frameworks */ = {isa = PBXBuildFile; fileRef = 404E3FDC29CB289C00BBE7E4 /* libglfw.3.3.dylib */; };
		404E3FDE29CB289C00BBE7E4 /* libglfw.3.3.dylib in Embed Libraries */ = {isa = PBXBuildFile; fileRef = 404E3FDC29CB289C00BBE7E4 /* libglfw.3.3.dylib */; settings = {ATTRIBUTES = (CodeSignOnCopy, ); }; };
/* End PBXBuildFile section */

/* Begin PBXCopyFilesBuildPhase section */
		404E3FC029CB273000BBE7E4 /* CopyFiles */ = {
			isa = PBXCopyFilesBuildPhase;
			buildActionMask = 2147483647;
			dstPath = /usr/share/man/man1/;
			dstSubfolderSpec = 0;
			files = (
			);
			runOnlyForDeploymentPostprocessing = 1;
		};
		404E3FDF29CB289C00BBE7E4 /* Embed Libraries */ = {
			isa = PBXCopyFilesBuildPhase;
			buildActionMask = 2147483647;
			dstPath = "";
			dstSubfolderSpec = 10;
			files = (
				404E3FDE29CB289C00BBE7E4 /* libglfw.3.3.dylib in Embed Libraries */,
			);
			name = "Embed Libraries";
			runOnlyForDeploymentPostprocessing = 0;
		};
/* End PBXCopyFilesBuildPhase section */

/* Begin PBXFileReference section */
		404E3FC229CB273000BBE7E4 /* TransformationsExcercise1 */ = {isa = PBXFileReference; explicitFileType = "compiled.mach-o.executable"; includeInIndex = 0; path = TransformationsExcercise1; sourceTree = BUILT_PRODUCTS_DIR; };
		404E3FC529CB273000BBE7E4 /* main.cpp */ = {isa = PBXFileReference; lastKnownFileType = sourcecode.cpp.cpp; path = main.cpp; sourceTree = "<group>"; };
		404E3FCF29CB27A000BBE7E4 /* container.jpg */ = {isa = PBXFileReference; lastKnownFileType = image.jpeg; path = container.jpg; sourceTree = "<group>"; };
		404E3FD029CB27A000BBE7E4 /* awesomeface.png */ = {isa = PBXFileReference; lastKnownFileType = image.png; path = awesomeface.png; sourceTree = "<group>"; };
		404E3FD129CB27AC00BBE7E4 /* stb_image.h */ = {isa = PBXFileReference; fileEncoding = 4; lastKnownFileType = sourcecode.c.h; path = stb_image.h; sourceTree = "<group>"; };
		404E3FD229CB27AC00BBE7E4 /* glad.h */ = {isa = PBXFileReference; fileEncoding = 4; lastKnownFileType = sourcecode.c.h; path = glad.h; sourceTree = "<group>"; };
		404E3FD329CB27AC00BBE7E4 /* khrplatform.h */ = {isa = PBXFileReference; fileEncoding = 4; lastKnownFileType = sourcecode.c.h; path = khrplatform.h; sourceTree = "<group>"; };
		404E3FD429CB27AC00BBE7E4 /* shader_loader.h */ = {isa = PBXFileReference; fileEncoding = 4; lastKnownFileType = sourcecode.c.h; path = shader_loader.h; sourceTree = "<group>"; };
		404E3FD529CB27BD00BBE7E4 /* stb_image.cpp */ = {isa = PBXFileReference; fileEncoding = 4; lastKnownFileType = sourcecode.cpp.cpp; path = stb_image.cpp; sourceTree = "<group>"; };
		404E3FD629CB27BD00BBE7E4 /* glad.c */ = {isa = PBXFileReference; fileEncoding = 4; lastKnownFileType = sourcecode.c.c; path = glad.c; sourceTree = "<group>"; };
		404E3FD729CB27BD00BBE7E4 /* textures.vs */ = {isa = PBXFileReference; fileEncoding = 4; lastKnownFileType = sourcecode.glsl; path = textures.vs; sourceTree = "<group>"; };
		404E3FD829CB27BD00BBE7E4 /* textures.fs */ = {isa = PBXFileReference; fileEncoding = 4; lastKnownFileType = sourcecode.glsl; path = textures.fs; sourceTree = "<group>"; };
		404E3FDC29CB289C00BBE7E4 /* libglfw.3.3.dylib */ = {isa = PBXFileReference; lastKnownFileType = "compiled.mach-o.dylib"; name = libglfw.3.3.dylib; path = ../../../../../../../../opt/homebrew/Cellar/glfw/3.3.8/lib/libglfw.3.3.dylib; sourceTree = "<group>"; };
/* End PBXFileReference section */

/* Begin PBXFrameworksBuildPhase section */
		404E3FBF29CB273000BBE7E4 /* Frameworks */ = {
			isa = PBXFrameworksBuildPhase;
			buildActionMask = 2147483647;
			files = (
				404E3FDD29CB289C00BBE7E4 /* libglfw.3.3.dylib in Frameworks */,
			);
			runOnlyForDeploymentPostprocessing = 0;
		};
/* End PBXFrameworksBuildPhase section */

/* Begin PBXGroup section */
		404E3FB929CB273000BBE7E4 = {
			isa = PBXGroup;
			children = (
				404E3FC429CB273000BBE7E4 /* TransformationsExcercise1 */,
				404E3FC329CB273000BBE7E4 /* Products */,
				404E3FDB29CB289C00BBE7E4 /* Frameworks */,
			);
			sourceTree = "<group>";
		};
		404E3FC329CB273000BBE7E4 /* Products */ = {
			isa = PBXGroup;
			children = (
				404E3FC229CB273000BBE7E4 /* TransformationsExcercise1 */,
			);
			name = Products;
			sourceTree = "<group>";
		};
		404E3FC429CB273000BBE7E4 /* TransformationsExcercise1 */ = {
			isa = PBXGroup;
			children = (
				404E3FCE29CB275200BBE7E4 /* resources */,
				404E3FCD29CB274800BBE7E4 /* include */,
				404E3FCC29CB273900BBE7E4 /* src */,
			);
			path = TransformationsExcercise1;
			sourceTree = "<group>";
		};
		404E3FCC29CB273900BBE7E4 /* src */ = {
			isa = PBXGroup;
			children = (
				404E3FD629CB27BD00BBE7E4 /* glad.c */,
				404E3FD529CB27BD00BBE7E4 /* stb_image.cpp */,
				404E3FD829CB27BD00BBE7E4 /* textures.fs */,
				404E3FD729CB27BD00BBE7E4 /* textures.vs */,
				404E3FC529CB273000BBE7E4 /* main.cpp */,
			);
			path = src;
			sourceTree = "<group>";
		};
		404E3FCD29CB274800BBE7E4 /* include */ = {
			isa = PBXGroup;
			children = (
				404E3FD229CB27AC00BBE7E4 /* glad.h */,
				404E3FD329CB27AC00BBE7E4 /* khrplatform.h */,
				404E3FD429CB27AC00BBE7E4 /* shader_loader.h */,
				404E3FD129CB27AC00BBE7E4 /* stb_image.h */,
			);
			path = include;
			sourceTree = "<group>";
		};
		404E3FCE29CB275200BBE7E4 /* resources */ = {
			isa = PBXGroup;
			children = (
				404E3FD029CB27A000BBE7E4 /* awesomeface.png */,
				404E3FCF29CB27A000BBE7E4 /* container.jpg */,
			);
			path = resources;
			sourceTree = "<group>";
		};
		404E3FDB29CB289C00BBE7E4 /* Frameworks */ = {
			isa = PBXGroup;
			children = (
				404E3FDC29CB289C00BBE7E4 /* libglfw.3.3.dylib */,
			);
			name = Frameworks;
			sourceTree = "<group>";
		};
/* End PBXGroup section */

/* Begin PBXNativeTarget section */
		404E3FC129CB273000BBE7E4 /* TransformationsExcercise1 */ = {
			isa = PBXNativeTarget;
			buildConfigurationList = 404E3FC929CB273000BBE7E4 /* Build configuration list for PBXNativeTarget "TransformationsExcercise1" */;
			buildPhases = (
				404E3FBE29CB273000BBE7E4 /* Sources */,
				404E3FBF29CB273000BBE7E4 /* Frameworks */,
				404E3FC029CB273000BBE7E4 /* CopyFiles */,
				404E3FDF29CB289C00BBE7E4 /* Embed Libraries */,
			);
			buildRules = (
			);
			dependencies = (
			);
			name = TransformationsExcercise1;
			productName = TransformationsExcercise1;
			productReference = 404E3FC229CB273000BBE7E4 /* TransformationsExcercise1 */;
			productType = "com.apple.product-type.tool";
		};
/* End PBXNativeTarget section */

/* Begin PBXProject section */
		404E3FBA29CB273000BBE7E4 /* Project object */ = {
			isa = PBXProject;
			attributes = {
				BuildIndependentTargetsInParallel = 1;
				LastUpgradeCheck = 1420;
				TargetAttributes = {
					404E3FC129CB273000BBE7E4 = {
						CreatedOnToolsVersion = 14.2;
					};
				};
			};
			buildConfigurationList = 404E3FBD29CB273000BBE7E4 /* Build configuration list for PBXProject "TransformationsExcercise1" */;
			compatibilityVersion = "Xcode 14.0";
			developmentRegion = en;
			hasScannedForEncodings = 0;
			knownRegions = (
				en,
				Base,
			);
			mainGroup = 404E3FB929CB273000BBE7E4;
			productRefGroup = 404E3FC329CB273000BBE7E4 /* Products */;
			projectDirPath = "";
			projectRoot = "";
			targets = (
				404E3FC129CB273000BBE7E4 /* TransformationsExcercise1 */,
			);
		};
/* End PBXProject section */

/* Begin PBXSourcesBuildPhase section */
		404E3FBE29CB273000BBE7E4 /* Sources */ = {
			isa = PBXSourcesBuildPhase;
			buildActionMask = 2147483647;
			files = (
				404E3FC629CB273000BBE7E4 /* main.cpp in Sources */,
				404E3FD929CB27BD00BBE7E4 /* stb_image.cpp in Sources */,
				404E3FDA29CB27BD00BBE7E4 /* glad.c in Sources */,
			);
			runOnlyForDeploymentPostprocessing = 0;
		};
/* End PBXSourcesBuildPhase section */

/* Begin XCBuildConfiguration section */
		404E3FC729CB273000BBE7E4 /* Debug */ = {
			isa = XCBuildConfiguration;
			buildSettings = {
				ALWAYS_SEARCH_USER_PATHS = NO;
				CLANG_ANALYZER_NONNULL = YES;
				CLANG_ANALYZER_NUMBER_OBJECT_CONVERSION = YES_AGGRESSIVE;
				CLANG_CXX_LANGUAGE_STANDARD = "gnu++20";
				CLANG_ENABLE_MODULES = YES;
				CLANG_ENABLE_OBJC_ARC = YES;
				CLANG_ENABLE_OBJC_WEAK = YES;
				CLANG_WARN_BLOCK_CAPTURE_AUTORELEASING = YES;
				CLANG_WARN_BOOL_CONVERSION = YES;
				CLANG_WARN_COMMA = YES;
				CLANG_WARN_CONSTANT_CONVERSION = YES;
				CLANG_WARN_DEPRECATED_OBJC_IMPLEMENTATIONS = YES;
				CLANG_WARN_DIRECT_OBJC_ISA_USAGE = YES_ERROR;
				CLANG_WARN_DOCUMENTATION_COMMENTS = YES;
				CLANG_WARN_EMPTY_BODY = YES;
				CLANG_WARN_ENUM_CONVERSION = YES;
				CLANG_WARN_INFINITE_RECURSION = YES;
				CLANG_WARN_INT_CONVERSION = YES;
				CLANG_WARN_NON_LITERAL_NULL_CONVERSION = YES;
				CLANG_WARN_OBJC_IMPLICIT_RETAIN_SELF = YES;
				CLANG_WARN_OBJC_LITERAL_CONVERSION = YES;
				CLANG_WARN_OBJC_ROOT_CLASS = YES_ERROR;
				CLANG_WARN_QUOTED_INCLUDE_IN_FRAMEWORK_HEADER = YES;
				CLANG_WARN_RANGE_LOOP_ANALYSIS = YES;
				CLANG_WARN_STRICT_PROTOTYPES = YES;
				CLANG_WARN_SUSPICIOUS_MOVE = YES;
				CLANG_WARN_UNGUARDED_AVAILABILITY = YES_AGGRESSIVE;
				CLANG_WARN_UNREACHABLE_CODE = YES;
				CLANG_WARN__DUPLICATE_METHOD_MATCH = YES;
				COPY_PHASE_STRIP = NO;
				DEBUG_INFORMATION_FORMAT = dwarf;
				ENABLE_STRICT_OBJC_MSGSEND = YES;
				ENABLE_TESTABILITY = YES;
				GCC_C_LANGUAGE_STANDARD = gnu11;
				GCC_DYNAMIC_NO_PIC = NO;
				GCC_NO_COMMON_BLOCKS = YES;
				GCC_OPTIMIZATION_LEVEL = 0;
				GCC_PREPROCESSOR_DEFINITIONS = (
					"DEBUG=1",
					"$(inherited)",
				);
				GCC_WARN_64_TO_32_BIT_CONVERSION = YES;
				GCC_WARN_ABOUT_RETURN_TYPE = YES_ERROR;
				GCC_WARN_UNDECLARED_SELECTOR = YES;
				GCC_WARN_UNINITIALIZED_AUTOS = YES_AGGRESSIVE;
				GCC_WARN_UNUSED_FUNCTION = YES;
				GCC_WARN_UNUSED_VARIABLE = YES;
				MACOSX_DEPLOYMENT_TARGET = 13.1;
				MTL_ENABLE_DEBUG_INFO = INCLUDE_SOURCE;
				MTL_FAST_MATH = YES;
				ONLY_ACTIVE_ARCH = YES;
				SDKROOT = macosx;
			};
			name = Debug;
		};
		404E3FC829CB273000BBE7E4 /* Release */ = {
			isa = XCBuildConfiguration;
			buildSettings = {
				ALWAYS_SEARCH_USER_PATHS = NO;
				CLANG_ANALYZER_NONNULL = YES;
				CLANG_ANALYZER_NUMBER_OBJECT_CONVERSION = YES_AGGRESSIVE;
				CLANG_CXX_LANGUAGE_STANDARD = "gnu++20";
				CLANG_ENABLE_MODULES = YES;
				CLANG_ENABLE_OBJC_ARC = YES;
				CLANG_ENABLE_OBJC_WEAK = YES;
				CLANG_WARN_BLOCK_CAPTURE_AUTORELEASING = YES;
				CLANG_WARN_BOOL_CONVERSION = YES;
				CLANG_WARN_COMMA = YES;
				CLANG_WARN_CONSTANT_CONVERSION = YES;
				CLANG_WARN_DEPRECATED_OBJC_IMPLEMENTATIONS = YES;
				CLANG_WARN_DIRECT_OBJC_ISA_USAGE = YES_ERROR;
				CLANG_WARN_DOCUMENTATION_COMMENTS = YES;
				CLANG_WARN_EMPTY_BODY = YES;
				CLANG_WARN_ENUM_CONVERSION = YES;
				CLANG_WARN_INFINITE_RECURSION = YES;
				CLANG_WARN_INT_CONVERSION = YES;
				CLANG_WARN_NON_LITERAL_NULL_CONVERSION = YES;
				CLANG_WARN_OBJC_IMPLICIT_RETAIN_SELF = YES;
				CLANG_WARN_OBJC_LITERAL_CONVERSION = YES;
				CLANG_WARN_OBJC_ROOT_CLASS = YES_ERROR;
				CLANG_WARN_QUOTED_INCLUDE_IN_FRAMEWORK_HEADER = YES;
				CLANG_WARN_RANGE_LOOP_ANALYSIS = YES;
				CLANG_WARN_STRICT_PROTOTYPES = YES;
				CLANG_WARN_SUSPICIOUS_MOVE = YES;
				CLANG_WARN_UNGUARDED_AVAILABILITY = YES_AGGRESSIVE;
				CLANG_WARN_UNREACHABLE_CODE = YES;
				CLANG_WARN__DUPLICATE_METHOD_MATCH = YES;
				COPY_PHASE_STRIP = NO;
				DEBUG_INFORMATION_FORMAT = "dwarf-with-dsym";
				ENABLE_NS_ASSERTIONS = NO;
				ENABLE_STRICT_OBJC_MSGSEND = YES;
				GCC_C_LANGUAGE_STANDARD = gnu11;
				GCC_NO_COMMON_BLOCKS = YES;
				GCC_WARN_64_TO_32_BIT_CONVERSION = YES;
				GCC_WARN_ABOUT_RETURN_TYPE = YES_ERROR;
				GCC_WARN_UNDECLARED_SELECTOR = YES;
				GCC_WARN_UNINITIALIZED_AUTOS = YES_AGGRESSIVE;
				GCC_WARN_UNUSED_FUNCTION = YES;
				GCC_WARN_UNUSED_VARIABLE = YES;
				MACOSX_DEPLOYMENT_TARGET = 13.1;
				MTL_ENABLE_DEBUG_INFO = NO;
				MTL_FAST_MATH = YES;
				SDKROOT = macosx;
			};
			name = Release;
		};
		404E3FCA29CB273000BBE7E4 /* Debug */ = {
			isa = XCBuildConfiguration;
			buildSettings = {
				CODE_SIGN_STYLE = Automatic;
				HEADER_SEARCH_PATHS = /opt/homebrew/include;
				LIBRARY_SEARCH_PATHS = (
					"$(inherited)",
					/opt/homebrew/Cellar/glfw/3.3.8/lib,
				);
				PRODUCT_NAME = "$(TARGET_NAME)";
			};
			name = Debug;
		};
		404E3FCB29CB273000BBE7E4 /* Release */ = {
			isa = XCBuildConfiguration;
			buildSettings = {
				CODE_SIGN_STYLE = Automatic;
				HEADER_SEARCH_PATHS = /opt/homebrew/include;
				LIBRARY_SEARCH_PATHS = (
					"$(inherited)",
					/opt/homebrew/Cellar/glfw/3.3.8/lib,
				);
				PRODUCT_NAME = "$(TARGET_NAME)";
			};
			name = Release;
		};
/* End XCBuildConfiguration section */

/* Begin XCConfigurationList section */
		404E3FBD29CB273000BBE7E4 /* Build configuration list for PBXProject "TransformationsExcercise1" */ = {
			isa = XCConfigurationList;
			buildConfigurations = (
				404E3FC729CB273000BBE7E4 /* Debug */,
				404E3FC829CB273000BBE7E4 /* Release */,
			);
			defaultConfigurationIsVisible = 0;
			defaultConfigurationName = Release;
		};
		404E3FC929CB273000BBE7E4 /* Build configuration list for PBXNativeTarget "TransformationsExcercise1" */ = {
			isa = XCConfigurationList;
			buildConfigurations = (
				404E3FCA29CB273000BBE7E4 /* Debug */,
				404E3FCB29CB273000BBE7E4 /* Release */,
			);
			defaultConfigurationIsVisible = 0;
			defaultConfigurationName = Release;
		};
/* End XCConfigurationList section */
	};
	rootObject = 404E3FBA29CB273000BBE7E4 /* Project object */;
}
