// !$*UTF8*$!
{
	archiveVersion = 1;
	classes = {
	};
	objectVersion = 56;
	objects = {

/* Begin PBXBuildFile section */
		407A10D329C85B8400C09DFB /* main.cpp in Sources */ = {isa = PBXBuildFile; fileRef = 407A10D229C85B8400C09DFB /* main.cpp */; };
		407A10E729C85E1500C09DFB /* glad.c in Sources */ = {isa = PBXBuildFile; fileRef = 407A10E429C85E1500C09DFB /* glad.c */; };
		407A10E829C85E1500C09DFB /* stb_image.cpp in Sources */ = {isa = PBXBuildFile; fileRef = 407A10E529C85E1500C09DFB /* stb_image.cpp */; };
		407A10EB29C85E3F00C09DFB /* libglfw.3.3.dylib in Frameworks */ = {isa = PBXBuildFile; fileRef = 407A10EA29C85E3F00C09DFB /* libglfw.3.3.dylib */; };
		407A10EC29C85E3F00C09DFB /* libglfw.3.3.dylib in Embed Libraries */ = {isa = PBXBuildFile; fileRef = 407A10EA29C85E3F00C09DFB /* libglfw.3.3.dylib */; settings = {ATTRIBUTES = (CodeSignOnCopy, ); }; };
/* End PBXBuildFile section */

/* Begin PBXCopyFilesBuildPhase section */
		407A10CD29C85B8400C09DFB /* CopyFiles */ = {
			isa = PBXCopyFilesBuildPhase;
			buildActionMask = 2147483647;
			dstPath = /usr/share/man/man1/;
			dstSubfolderSpec = 0;
			files = (
			);
			runOnlyForDeploymentPostprocessing = 1;
		};
		407A10ED29C85E3F00C09DFB /* Embed Libraries */ = {
			isa = PBXCopyFilesBuildPhase;
			buildActionMask = 2147483647;
			dstPath = "";
			dstSubfolderSpec = 10;
			files = (
				407A10EC29C85E3F00C09DFB /* libglfw.3.3.dylib in Embed Libraries */,
			);
			name = "Embed Libraries";
			runOnlyForDeploymentPostprocessing = 0;
		};
/* End PBXCopyFilesBuildPhase section */

/* Begin PBXFileReference section */
		407A10CF29C85B8400C09DFB /* Transformations */ = {isa = PBXFileReference; explicitFileType = "compiled.mach-o.executable"; includeInIndex = 0; path = Transformations; sourceTree = BUILT_PRODUCTS_DIR; };
		407A10D229C85B8400C09DFB /* main.cpp */ = {isa = PBXFileReference; lastKnownFileType = sourcecode.cpp.cpp; path = main.cpp; sourceTree = "<group>"; };
		407A10DD29C85DF700C09DFB /* container.jpg */ = {isa = PBXFileReference; lastKnownFileType = image.jpeg; path = container.jpg; sourceTree = "<group>"; };
		407A10DE29C85DF700C09DFB /* awesomeface.png */ = {isa = PBXFileReference; lastKnownFileType = image.png; path = awesomeface.png; sourceTree = "<group>"; };
		407A10DF29C85E0500C09DFB /* glad.h */ = {isa = PBXFileReference; fileEncoding = 4; lastKnownFileType = sourcecode.c.h; path = glad.h; sourceTree = "<group>"; };
		407A10E029C85E0500C09DFB /* khrplatform.h */ = {isa = PBXFileReference; fileEncoding = 4; lastKnownFileType = sourcecode.c.h; path = khrplatform.h; sourceTree = "<group>"; };
		407A10E129C85E0500C09DFB /* shader_loader.h */ = {isa = PBXFileReference; fileEncoding = 4; lastKnownFileType = sourcecode.c.h; path = shader_loader.h; sourceTree = "<group>"; };
		407A10E229C85E0500C09DFB /* stb_image.h */ = {isa = PBXFileReference; fileEncoding = 4; lastKnownFileType = sourcecode.c.h; path = stb_image.h; sourceTree = "<group>"; };
		407A10E329C85E1500C09DFB /* textures.fs */ = {isa = PBXFileReference; fileEncoding = 4; lastKnownFileType = sourcecode.glsl; path = textures.fs; sourceTree = "<group>"; };
		407A10E429C85E1500C09DFB /* glad.c */ = {isa = PBXFileReference; fileEncoding = 4; lastKnownFileType = sourcecode.c.c; path = glad.c; sourceTree = "<group>"; };
		407A10E529C85E1500C09DFB /* stb_image.cpp */ = {isa = PBXFileReference; fileEncoding = 4; lastKnownFileType = sourcecode.cpp.cpp; path = stb_image.cpp; sourceTree = "<group>"; };
		407A10E629C85E1500C09DFB /* textures.vs */ = {isa = PBXFileReference; fileEncoding = 4; lastKnownFileType = sourcecode.glsl; path = textures.vs; sourceTree = "<group>"; };
		407A10EA29C85E3F00C09DFB /* libglfw.3.3.dylib */ = {isa = PBXFileReference; lastKnownFileType = "compiled.mach-o.dylib"; name = libglfw.3.3.dylib; path = ../../../../../../../../opt/homebrew/Cellar/glfw/3.3.8/lib/libglfw.3.3.dylib; sourceTree = "<group>"; };
/* End PBXFileReference section */

/* Begin PBXFrameworksBuildPhase section */
		407A10CC29C85B8400C09DFB /* Frameworks */ = {
			isa = PBXFrameworksBuildPhase;
			buildActionMask = 2147483647;
			files = (
				407A10EB29C85E3F00C09DFB /* libglfw.3.3.dylib in Frameworks */,
			);
			runOnlyForDeploymentPostprocessing = 0;
		};
/* End PBXFrameworksBuildPhase section */

/* Begin PBXGroup section */
		407A10C629C85B8400C09DFB = {
			isa = PBXGroup;
			children = (
				407A10D129C85B8400C09DFB /* Transformations */,
				407A10D029C85B8400C09DFB /* Products */,
				407A10E929C85E3F00C09DFB /* Frameworks */,
			);
			sourceTree = "<group>";
		};
		407A10D029C85B8400C09DFB /* Products */ = {
			isa = PBXGroup;
			children = (
				407A10CF29C85B8400C09DFB /* Transformations */,
			);
			name = Products;
			sourceTree = "<group>";
		};
		407A10D129C85B8400C09DFB /* Transformations */ = {
			isa = PBXGroup;
			children = (
				407A10DC29C85D7600C09DFB /* resources */,
				407A10DB29C85D6D00C09DFB /* include */,
				407A10DA29C85D6600C09DFB /* src */,
			);
			path = Transformations;
			sourceTree = "<group>";
		};
		407A10DA29C85D6600C09DFB /* src */ = {
			isa = PBXGroup;
			children = (
				407A10E429C85E1500C09DFB /* glad.c */,
				407A10E529C85E1500C09DFB /* stb_image.cpp */,
				407A10E329C85E1500C09DFB /* textures.fs */,
				407A10E629C85E1500C09DFB /* textures.vs */,
				407A10D229C85B8400C09DFB /* main.cpp */,
			);
			path = src;
			sourceTree = "<group>";
		};
		407A10DB29C85D6D00C09DFB /* include */ = {
			isa = PBXGroup;
			children = (
				407A10DF29C85E0500C09DFB /* glad.h */,
				407A10E029C85E0500C09DFB /* khrplatform.h */,
				407A10E129C85E0500C09DFB /* shader_loader.h */,
				407A10E229C85E0500C09DFB /* stb_image.h */,
			);
			path = include;
			sourceTree = "<group>";
		};
		407A10DC29C85D7600C09DFB /* resources */ = {
			isa = PBXGroup;
			children = (
				407A10DE29C85DF700C09DFB /* awesomeface.png */,
				407A10DD29C85DF700C09DFB /* container.jpg */,
			);
			path = resources;
			sourceTree = "<group>";
		};
		407A10E929C85E3F00C09DFB /* Frameworks */ = {
			isa = PBXGroup;
			children = (
				407A10EA29C85E3F00C09DFB /* libglfw.3.3.dylib */,
			);
			name = Frameworks;
			sourceTree = "<group>";
		};
/* End PBXGroup section */

/* Begin PBXNativeTarget section */
		407A10CE29C85B8400C09DFB /* Transformations */ = {
			isa = PBXNativeTarget;
			buildConfigurationList = 407A10D629C85B8400C09DFB /* Build configuration list for PBXNativeTarget "Transformations" */;
			buildPhases = (
				407A10CB29C85B8400C09DFB /* Sources */,
				407A10CC29C85B8400C09DFB /* Frameworks */,
				407A10CD29C85B8400C09DFB /* CopyFiles */,
				407A10ED29C85E3F00C09DFB /* Embed Libraries */,
			);
			buildRules = (
			);
			dependencies = (
			);
			name = Transformations;
			productName = Transformations;
			productReference = 407A10CF29C85B8400C09DFB /* Transformations */;
			productType = "com.apple.product-type.tool";
		};
/* End PBXNativeTarget section */

/* Begin PBXProject section */
		407A10C729C85B8400C09DFB /* Project object */ = {
			isa = PBXProject;
			attributes = {
				BuildIndependentTargetsInParallel = 1;
				LastUpgradeCheck = 1420;
				TargetAttributes = {
					407A10CE29C85B8400C09DFB = {
						CreatedOnToolsVersion = 14.2;
					};
				};
			};
			buildConfigurationList = 407A10CA29C85B8400C09DFB /* Build configuration list for PBXProject "Transformations" */;
			compatibilityVersion = "Xcode 14.0";
			developmentRegion = en;
			hasScannedForEncodings = 0;
			knownRegions = (
				en,
				Base,
			);
			mainGroup = 407A10C629C85B8400C09DFB;
			productRefGroup = 407A10D029C85B8400C09DFB /* Products */;
			projectDirPath = "";
			projectRoot = "";
			targets = (
				407A10CE29C85B8400C09DFB /* Transformations */,
			);
		};
/* End PBXProject section */

/* Begin PBXSourcesBuildPhase section */
		407A10CB29C85B8400C09DFB /* Sources */ = {
			isa = PBXSourcesBuildPhase;
			buildActionMask = 2147483647;
			files = (
				407A10E829C85E1500C09DFB /* stb_image.cpp in Sources */,
				407A10D329C85B8400C09DFB /* main.cpp in Sources */,
				407A10E729C85E1500C09DFB /* glad.c in Sources */,
			);
			runOnlyForDeploymentPostprocessing = 0;
		};
/* End PBXSourcesBuildPhase section */

/* Begin XCBuildConfiguration section */
		407A10D429C85B8400C09DFB /* Debug */ = {
			isa = XCBuildConfiguration;
			buildSettings = {
				ALWAYS_SEARCH_USER_PATHS = NO;
				CLANG_ANALYZER_NONNULL = YES;
				CLANG_ANALYZER_NUMBER_OBJECT_CONVERSION = YES_AGGRESSIVE;
				CLANG_CXX_LANGUAGE_STANDARD = "gnu++20";
				CLANG_ENABLE_MODULES = YES;
				CLANG_ENABLE_OBJC_ARC = YES;
				CLANG_ENABLE_OBJC_WEAK = YES;
				CLANG_WARN_BLOCK_CAPTURE_AUTORELEASING = YES;
				CLANG_WARN_BOOL_CONVERSION = YES;
				CLANG_WARN_COMMA = YES;
				CLANG_WARN_CONSTANT_CONVERSION = YES;
				CLANG_WARN_DEPRECATED_OBJC_IMPLEMENTATIONS = YES;
				CLANG_WARN_DIRECT_OBJC_ISA_USAGE = YES_ERROR;
				CLANG_WARN_DOCUMENTATION_COMMENTS = YES;
				CLANG_WARN_EMPTY_BODY = YES;
				CLANG_WARN_ENUM_CONVERSION = YES;
				CLANG_WARN_INFINITE_RECURSION = YES;
				CLANG_WARN_INT_CONVERSION = YES;
				CLANG_WARN_NON_LITERAL_NULL_CONVERSION = YES;
				CLANG_WARN_OBJC_IMPLICIT_RETAIN_SELF = YES;
				CLANG_WARN_OBJC_LITERAL_CONVERSION = YES;
				CLANG_WARN_OBJC_ROOT_CLASS = YES_ERROR;
				CLANG_WARN_QUOTED_INCLUDE_IN_FRAMEWORK_HEADER = YES;
				CLANG_WARN_RANGE_LOOP_ANALYSIS = YES;
				CLANG_WARN_STRICT_PROTOTYPES = YES;
				CLANG_WARN_SUSPICIOUS_MOVE = YES;
				CLANG_WARN_UNGUARDED_AVAILABILITY = YES_AGGRESSIVE;
				CLANG_WARN_UNREACHABLE_CODE = YES;
				CLANG_WARN__DUPLICATE_METHOD_MATCH = YES;
				COPY_PHASE_STRIP = NO;
				DEBUG_INFORMATION_FORMAT = dwarf;
				ENABLE_STRICT_OBJC_MSGSEND = YES;
				ENABLE_TESTABILITY = YES;
				GCC_C_LANGUAGE_STANDARD = gnu11;
				GCC_DYNAMIC_NO_PIC = NO;
				GCC_NO_COMMON_BLOCKS = YES;
				GCC_OPTIMIZATION_LEVEL = 0;
				GCC_PREPROCESSOR_DEFINITIONS = (
					"DEBUG=1",
					"$(inherited)",
				);
				GCC_WARN_64_TO_32_BIT_CONVERSION = YES;
				GCC_WARN_ABOUT_RETURN_TYPE = YES_ERROR;
				GCC_WARN_UNDECLARED_SELECTOR = YES;
				GCC_WARN_UNINITIALIZED_AUTOS = YES_AGGRESSIVE;
				GCC_WARN_UNUSED_FUNCTION = YES;
				GCC_WARN_UNUSED_VARIABLE = YES;
				MACOSX_DEPLOYMENT_TARGET = 13.1;
				MTL_ENABLE_DEBUG_INFO = INCLUDE_SOURCE;
				MTL_FAST_MATH = YES;
				ONLY_ACTIVE_ARCH = YES;
				SDKROOT = macosx;
			};
			name = Debug;
		};
		407A10D529C85B8400C09DFB /* Release */ = {
			isa = XCBuildConfiguration;
			buildSettings = {
				ALWAYS_SEARCH_USER_PATHS = NO;
				CLANG_ANALYZER_NONNULL = YES;
				CLANG_ANALYZER_NUMBER_OBJECT_CONVERSION = YES_AGGRESSIVE;
				CLANG_CXX_LANGUAGE_STANDARD = "gnu++20";
				CLANG_ENABLE_MODULES = YES;
				CLANG_ENABLE_OBJC_ARC = YES;
				CLANG_ENABLE_OBJC_WEAK = YES;
				CLANG_WARN_BLOCK_CAPTURE_AUTORELEASING = YES;
				CLANG_WARN_BOOL_CONVERSION = YES;
				CLANG_WARN_COMMA = YES;
				CLANG_WARN_CONSTANT_CONVERSION = YES;
				CLANG_WARN_DEPRECATED_OBJC_IMPLEMENTATIONS = YES;
				CLANG_WARN_DIRECT_OBJC_ISA_USAGE = YES_ERROR;
				CLANG_WARN_DOCUMENTATION_COMMENTS = YES;
				CLANG_WARN_EMPTY_BODY = YES;
				CLANG_WARN_ENUM_CONVERSION = YES;
				CLANG_WARN_INFINITE_RECURSION = YES;
				CLANG_WARN_INT_CONVERSION = YES;
				CLANG_WARN_NON_LITERAL_NULL_CONVERSION = YES;
				CLANG_WARN_OBJC_IMPLICIT_RETAIN_SELF = YES;
				CLANG_WARN_OBJC_LITERAL_CONVERSION = YES;
				CLANG_WARN_OBJC_ROOT_CLASS = YES_ERROR;
				CLANG_WARN_QUOTED_INCLUDE_IN_FRAMEWORK_HEADER = YES;
				CLANG_WARN_RANGE_LOOP_ANALYSIS = YES;
				CLANG_WARN_STRICT_PROTOTYPES = YES;
				CLANG_WARN_SUSPICIOUS_MOVE = YES;
				CLANG_WARN_UNGUARDED_AVAILABILITY = YES_AGGRESSIVE;
				CLANG_WARN_UNREACHABLE_CODE = YES;
				CLANG_WARN__DUPLICATE_METHOD_MATCH = YES;
				COPY_PHASE_STRIP = NO;
				DEBUG_INFORMATION_FORMAT = "dwarf-with-dsym";
				ENABLE_NS_ASSERTIONS = NO;
				ENABLE_STRICT_OBJC_MSGSEND = YES;
				GCC_C_LANGUAGE_STANDARD = gnu11;
				GCC_NO_COMMON_BLOCKS = YES;
				GCC_WARN_64_TO_32_BIT_CONVERSION = YES;
				GCC_WARN_ABOUT_RETURN_TYPE = YES_ERROR;
				GCC_WARN_UNDECLARED_SELECTOR = YES;
				GCC_WARN_UNINITIALIZED_AUTOS = YES_AGGRESSIVE;
				GCC_WARN_UNUSED_FUNCTION = YES;
				GCC_WARN_UNUSED_VARIABLE = YES;
				MACOSX_DEPLOYMENT_TARGET = 13.1;
				MTL_ENABLE_DEBUG_INFO = NO;
				MTL_FAST_MATH = YES;
				SDKROOT = macosx;
			};
			name = Release;
		};
		407A10D729C85B8400C09DFB /* Debug */ = {
			isa = XCBuildConfiguration;
			buildSettings = {
				CODE_SIGN_STYLE = Automatic;
				HEADER_SEARCH_PATHS = /opt/homebrew/include;
				LIBRARY_SEARCH_PATHS = (
					"$(inherited)",
					/opt/homebrew/Cellar/glfw/3.3.8/lib,
				);
				PRODUCT_NAME = "$(TARGET_NAME)";
			};
			name = Debug;
		};
		407A10D829C85B8400C09DFB /* Release */ = {
			isa = XCBuildConfiguration;
			buildSettings = {
				CODE_SIGN_STYLE = Automatic;
				HEADER_SEARCH_PATHS = /opt/homebrew/include;
				LIBRARY_SEARCH_PATHS = (
					"$(inherited)",
					/opt/homebrew/Cellar/glfw/3.3.8/lib,
				);
				PRODUCT_NAME = "$(TARGET_NAME)";
			};
			name = Release;
		};
/* End XCBuildConfiguration section */

/* Begin XCConfigurationList section */
		407A10CA29C85B8400C09DFB /* Build configuration list for PBXProject "Transformations" */ = {
			isa = XCConfigurationList;
			buildConfigurations = (
				407A10D429C85B8400C09DFB /* Debug */,
				407A10D529C85B8400C09DFB /* Release */,
			);
			defaultConfigurationIsVisible = 0;
			defaultConfigurationName = Release;
		};
		407A10D629C85B8400C09DFB /* Build configuration list for PBXNativeTarget "Transformations" */ = {
			isa = XCConfigurationList;
			buildConfigurations = (
				407A10D729C85B8400C09DFB /* Debug */,
				407A10D829C85B8400C09DFB /* Release */,
			);
			defaultConfigurationIsVisible = 0;
			defaultConfigurationName = Release;
		};
/* End XCConfigurationList section */
	};
	rootObject = 407A10C729C85B8400C09DFB /* Project object */;
}
