// !$*UTF8*$!
{
	archiveVersion = 1;
	classes = {
	};
	objectVersion = 56;
	objects = {

/* Begin PBXBuildFile section */
		40DABBA029B9F23C00016198 /* main.cpp in Sources */ = {isa = PBXBuildFile; fileRef = 40DABB9F29B9F23C00016198 /* main.cpp */; };
		40DABBA829B9F25000016198 /* libglfw.3.3.dylib in Frameworks */ = {isa = PBXBuildFile; fileRef = 40DABBA729B9F25000016198 /* libglfw.3.3.dylib */; };
		40DABBA929B9F25000016198 /* libglfw.3.3.dylib in Embed Libraries */ = {isa = PBXBuildFile; fileRef = 40DABBA729B9F25000016198 /* libglfw.3.3.dylib */; settings = {ATTRIBUTES = (CodeSignOnCopy, ); }; };
		40DABBB429B9F3ED00016198 /* glad.c in Sources */ = {isa = PBXBuildFile; fileRef = 40DABBB029B9F3ED00016198 /* glad.c */; };
		40DABBB529B9F3ED00016198 /* stb_image.cpp in Sources */ = {isa = PBXBuildFile; fileRef = 40DABBB129B9F3ED00016198 /* stb_image.cpp */; };
/* End PBXBuildFile section */

/* Begin PBXCopyFilesBuildPhase section */
		40DABB9A29B9F23C00016198 /* CopyFiles */ = {
			isa = PBXCopyFilesBuildPhase;
			buildActionMask = 2147483647;
			dstPath = /usr/share/man/man1/;
			dstSubfolderSpec = 0;
			files = (
			);
			runOnlyForDeploymentPostprocessing = 1;
		};
		40DABBAA29B9F25000016198 /* Embed Libraries */ = {
			isa = PBXCopyFilesBuildPhase;
			buildActionMask = 2147483647;
			dstPath = "";
			dstSubfolderSpec = 10;
			files = (
				40DABBA929B9F25000016198 /* libglfw.3.3.dylib in Embed Libraries */,
			);
			name = "Embed Libraries";
			runOnlyForDeploymentPostprocessing = 0;
		};
/* End PBXCopyFilesBuildPhase section */

/* Begin PBXFileReference section */
		40DABB9C29B9F23C00016198 /* TexturesExcercise1 */ = {isa = PBXFileReference; explicitFileType = "compiled.mach-o.executable"; includeInIndex = 0; path = TexturesExcercise1; sourceTree = BUILT_PRODUCTS_DIR; };
		40DABB9F29B9F23C00016198 /* main.cpp */ = {isa = PBXFileReference; lastKnownFileType = sourcecode.cpp.cpp; path = main.cpp; sourceTree = "<group>"; };
		40DABBA729B9F25000016198 /* libglfw.3.3.dylib */ = {isa = PBXFileReference; lastKnownFileType = "compiled.mach-o.dylib"; name = libglfw.3.3.dylib; path = ../../../../../../../../../opt/homebrew/Cellar/glfw/3.3.8/lib/libglfw.3.3.dylib; sourceTree = "<group>"; };
		40DABBAE29B9F3DF00016198 /* container.jpg */ = {isa = PBXFileReference; lastKnownFileType = image.jpeg; path = container.jpg; sourceTree = "<group>"; };
		40DABBAF29B9F3DF00016198 /* awesomeface.png */ = {isa = PBXFileReference; lastKnownFileType = image.png; path = awesomeface.png; sourceTree = "<group>"; };
		40DABBB029B9F3ED00016198 /* glad.c */ = {isa = PBXFileReference; fileEncoding = 4; lastKnownFileType = sourcecode.c.c; path = glad.c; sourceTree = "<group>"; };
		40DABBB129B9F3ED00016198 /* stb_image.cpp */ = {isa = PBXFileReference; fileEncoding = 4; lastKnownFileType = sourcecode.cpp.cpp; path = stb_image.cpp; sourceTree = "<group>"; };
		40DABBB229B9F3ED00016198 /* textures.fs */ = {isa = PBXFileReference; fileEncoding = 4; lastKnownFileType = sourcecode.glsl; path = textures.fs; sourceTree = "<group>"; };
		40DABBB329B9F3ED00016198 /* textures.vs */ = {isa = PBXFileReference; fileEncoding = 4; lastKnownFileType = sourcecode.glsl; path = textures.vs; sourceTree = "<group>"; };
		40DABBB629B9F3FD00016198 /* stb_image.h */ = {isa = PBXFileReference; fileEncoding = 4; lastKnownFileType = sourcecode.c.h; path = stb_image.h; sourceTree = "<group>"; };
		40DABBB729B9F3FD00016198 /* khrplatform.h */ = {isa = PBXFileReference; fileEncoding = 4; lastKnownFileType = sourcecode.c.h; path = khrplatform.h; sourceTree = "<group>"; };
		40DABBB829B9F3FD00016198 /* shader_loader.h */ = {isa = PBXFileReference; fileEncoding = 4; lastKnownFileType = sourcecode.c.h; path = shader_loader.h; sourceTree = "<group>"; };
		40DABBB929B9F3FD00016198 /* glad.h */ = {isa = PBXFileReference; fileEncoding = 4; lastKnownFileType = sourcecode.c.h; path = glad.h; sourceTree = "<group>"; };
/* End PBXFileReference section */

/* Begin PBXFrameworksBuildPhase section */
		40DABB9929B9F23C00016198 /* Frameworks */ = {
			isa = PBXFrameworksBuildPhase;
			buildActionMask = 2147483647;
			files = (
				40DABBA829B9F25000016198 /* libglfw.3.3.dylib in Frameworks */,
			);
			runOnlyForDeploymentPostprocessing = 0;
		};
/* End PBXFrameworksBuildPhase section */

/* Begin PBXGroup section */
		40DABB9329B9F23C00016198 = {
			isa = PBXGroup;
			children = (
				40DABB9E29B9F23C00016198 /* TexturesExcercise1 */,
				40DABB9D29B9F23C00016198 /* Products */,
				40DABBA629B9F25000016198 /* Frameworks */,
			);
			sourceTree = "<group>";
		};
		40DABB9D29B9F23C00016198 /* Products */ = {
			isa = PBXGroup;
			children = (
				40DABB9C29B9F23C00016198 /* TexturesExcercise1 */,
			);
			name = Products;
			sourceTree = "<group>";
		};
		40DABB9E29B9F23C00016198 /* TexturesExcercise1 */ = {
			isa = PBXGroup;
			children = (
				40DABBAD29B9F2A400016198 /* resources */,
				40DABBAC29B9F29600016198 /* src */,
				40DABBAB29B9F28D00016198 /* include */,
			);
			path = TexturesExcercise1;
			sourceTree = "<group>";
		};
		40DABBA629B9F25000016198 /* Frameworks */ = {
			isa = PBXGroup;
			children = (
				40DABBA729B9F25000016198 /* libglfw.3.3.dylib */,
			);
			name = Frameworks;
			sourceTree = "<group>";
		};
		40DABBAB29B9F28D00016198 /* include */ = {
			isa = PBXGroup;
			children = (
				40DABBB929B9F3FD00016198 /* glad.h */,
				40DABBB729B9F3FD00016198 /* khrplatform.h */,
				40DABBB829B9F3FD00016198 /* shader_loader.h */,
				40DABBB629B9F3FD00016198 /* stb_image.h */,
			);
			path = include;
			sourceTree = "<group>";
		};
		40DABBAC29B9F29600016198 /* src */ = {
			isa = PBXGroup;
			children = (
				40DABBB029B9F3ED00016198 /* glad.c */,
				40DABBB129B9F3ED00016198 /* stb_image.cpp */,
				40DABBB229B9F3ED00016198 /* textures.fs */,
				40DABBB329B9F3ED00016198 /* textures.vs */,
				40DABB9F29B9F23C00016198 /* main.cpp */,
			);
			path = src;
			sourceTree = "<group>";
		};
		40DABBAD29B9F2A400016198 /* resources */ = {
			isa = PBXGroup;
			children = (
				40DABBAF29B9F3DF00016198 /* awesomeface.png */,
				40DABBAE29B9F3DF00016198 /* container.jpg */,
			);
			path = resources;
			sourceTree = "<group>";
		};
/* End PBXGroup section */

/* Begin PBXNativeTarget section */
		40DABB9B29B9F23C00016198 /* TexturesExcercise1 */ = {
			isa = PBXNativeTarget;
			buildConfigurationList = 40DABBA329B9F23C00016198 /* Build configuration list for PBXNativeTarget "TexturesExcercise1" */;
			buildPhases = (
				40DABB9829B9F23C00016198 /* Sources */,
				40DABB9929B9F23C00016198 /* Frameworks */,
				40DABB9A29B9F23C00016198 /* CopyFiles */,
				40DABBAA29B9F25000016198 /* Embed Libraries */,
			);
			buildRules = (
			);
			dependencies = (
			);
			name = TexturesExcercise1;
			productName = TexturesExcercise1;
			productReference = 40DABB9C29B9F23C00016198 /* TexturesExcercise1 */;
			productType = "com.apple.product-type.tool";
		};
/* End PBXNativeTarget section */

/* Begin PBXProject section */
		40DABB9429B9F23C00016198 /* Project object */ = {
			isa = PBXProject;
			attributes = {
				BuildIndependentTargetsInParallel = 1;
				LastUpgradeCheck = 1420;
				TargetAttributes = {
					40DABB9B29B9F23C00016198 = {
						CreatedOnToolsVersion = 14.2;
					};
				};
			};
			buildConfigurationList = 40DABB9729B9F23C00016198 /* Build configuration list for PBXProject "TexturesExcercise1" */;
			compatibilityVersion = "Xcode 14.0";
			developmentRegion = en;
			hasScannedForEncodings = 0;
			knownRegions = (
				en,
				Base,
			);
			mainGroup = 40DABB9329B9F23C00016198;
			productRefGroup = 40DABB9D29B9F23C00016198 /* Products */;
			projectDirPath = "";
			projectRoot = "";
			targets = (
				40DABB9B29B9F23C00016198 /* TexturesExcercise1 */,
			);
		};
/* End PBXProject section */

/* Begin PBXSourcesBuildPhase section */
		40DABB9829B9F23C00016198 /* Sources */ = {
			isa = PBXSourcesBuildPhase;
			buildActionMask = 2147483647;
			files = (
				40DABBB529B9F3ED00016198 /* stb_image.cpp in Sources */,
				40DABBA029B9F23C00016198 /* main.cpp in Sources */,
				40DABBB429B9F3ED00016198 /* glad.c in Sources */,
			);
			runOnlyForDeploymentPostprocessing = 0;
		};
/* End PBXSourcesBuildPhase section */

/* Begin XCBuildConfiguration section */
		40DABBA129B9F23C00016198 /* Debug */ = {
			isa = XCBuildConfiguration;
			buildSettings = {
				ALWAYS_SEARCH_USER_PATHS = NO;
				CLANG_ANALYZER_NONNULL = YES;
				CLANG_ANALYZER_NUMBER_OBJECT_CONVERSION = YES_AGGRESSIVE;
				CLANG_CXX_LANGUAGE_STANDARD = "gnu++20";
				CLANG_ENABLE_MODULES = YES;
				CLANG_ENABLE_OBJC_ARC = YES;
				CLANG_ENABLE_OBJC_WEAK = YES;
				CLANG_WARN_BLOCK_CAPTURE_AUTORELEASING = YES;
				CLANG_WARN_BOOL_CONVERSION = YES;
				CLANG_WARN_COMMA = YES;
				CLANG_WARN_CONSTANT_CONVERSION = YES;
				CLANG_WARN_DEPRECATED_OBJC_IMPLEMENTATIONS = YES;
				CLANG_WARN_DIRECT_OBJC_ISA_USAGE = YES_ERROR;
				CLANG_WARN_DOCUMENTATION_COMMENTS = YES;
				CLANG_WARN_EMPTY_BODY = YES;
				CLANG_WARN_ENUM_CONVERSION = YES;
				CLANG_WARN_INFINITE_RECURSION = YES;
				CLANG_WARN_INT_CONVERSION = YES;
				CLANG_WARN_NON_LITERAL_NULL_CONVERSION = YES;
				CLANG_WARN_OBJC_IMPLICIT_RETAIN_SELF = YES;
				CLANG_WARN_OBJC_LITERAL_CONVERSION = YES;
				CLANG_WARN_OBJC_ROOT_CLASS = YES_ERROR;
				CLANG_WARN_QUOTED_INCLUDE_IN_FRAMEWORK_HEADER = YES;
				CLANG_WARN_RANGE_LOOP_ANALYSIS = YES;
				CLANG_WARN_STRICT_PROTOTYPES = YES;
				CLANG_WARN_SUSPICIOUS_MOVE = YES;
				CLANG_WARN_UNGUARDED_AVAILABILITY = YES_AGGRESSIVE;
				CLANG_WARN_UNREACHABLE_CODE = YES;
				CLANG_WARN__DUPLICATE_METHOD_MATCH = YES;
				COPY_PHASE_STRIP = NO;
				DEBUG_INFORMATION_FORMAT = dwarf;
				ENABLE_STRICT_OBJC_MSGSEND = YES;
				ENABLE_TESTABILITY = YES;
				GCC_C_LANGUAGE_STANDARD = gnu11;
				GCC_DYNAMIC_NO_PIC = NO;
				GCC_NO_COMMON_BLOCKS = YES;
				GCC_OPTIMIZATION_LEVEL = 0;
				GCC_PREPROCESSOR_DEFINITIONS = (
					"DEBUG=1",
					"$(inherited)",
				);
				GCC_WARN_64_TO_32_BIT_CONVERSION = YES;
				GCC_WARN_ABOUT_RETURN_TYPE = YES_ERROR;
				GCC_WARN_UNDECLARED_SELECTOR = YES;
				GCC_WARN_UNINITIALIZED_AUTOS = YES_AGGRESSIVE;
				GCC_WARN_UNUSED_FUNCTION = YES;
				GCC_WARN_UNUSED_VARIABLE = YES;
				MACOSX_DEPLOYMENT_TARGET = 13.1;
				MTL_ENABLE_DEBUG_INFO = INCLUDE_SOURCE;
				MTL_FAST_MATH = YES;
				ONLY_ACTIVE_ARCH = YES;
				SDKROOT = macosx;
			};
			name = Debug;
		};
		40DABBA229B9F23C00016198 /* Release */ = {
			isa = XCBuildConfiguration;
			buildSettings = {
				ALWAYS_SEARCH_USER_PATHS = NO;
				CLANG_ANALYZER_NONNULL = YES;
				CLANG_ANALYZER_NUMBER_OBJECT_CONVERSION = YES_AGGRESSIVE;
				CLANG_CXX_LANGUAGE_STANDARD = "gnu++20";
				CLANG_ENABLE_MODULES = YES;
				CLANG_ENABLE_OBJC_ARC = YES;
				CLANG_ENABLE_OBJC_WEAK = YES;
				CLANG_WARN_BLOCK_CAPTURE_AUTORELEASING = YES;
				CLANG_WARN_BOOL_CONVERSION = YES;
				CLANG_WARN_COMMA = YES;
				CLANG_WARN_CONSTANT_CONVERSION = YES;
				CLANG_WARN_DEPRECATED_OBJC_IMPLEMENTATIONS = YES;
				CLANG_WARN_DIRECT_OBJC_ISA_USAGE = YES_ERROR;
				CLANG_WARN_DOCUMENTATION_COMMENTS = YES;
				CLANG_WARN_EMPTY_BODY = YES;
				CLANG_WARN_ENUM_CONVERSION = YES;
				CLANG_WARN_INFINITE_RECURSION = YES;
				CLANG_WARN_INT_CONVERSION = YES;
				CLANG_WARN_NON_LITERAL_NULL_CONVERSION = YES;
				CLANG_WARN_OBJC_IMPLICIT_RETAIN_SELF = YES;
				CLANG_WARN_OBJC_LITERAL_CONVERSION = YES;
				CLANG_WARN_OBJC_ROOT_CLASS = YES_ERROR;
				CLANG_WARN_QUOTED_INCLUDE_IN_FRAMEWORK_HEADER = YES;
				CLANG_WARN_RANGE_LOOP_ANALYSIS = YES;
				CLANG_WARN_STRICT_PROTOTYPES = YES;
				CLANG_WARN_SUSPICIOUS_MOVE = YES;
				CLANG_WARN_UNGUARDED_AVAILABILITY = YES_AGGRESSIVE;
				CLANG_WARN_UNREACHABLE_CODE = YES;
				CLANG_WARN__DUPLICATE_METHOD_MATCH = YES;
				COPY_PHASE_STRIP = NO;
				DEBUG_INFORMATION_FORMAT = "dwarf-with-dsym";
				ENABLE_NS_ASSERTIONS = NO;
				ENABLE_STRICT_OBJC_MSGSEND = YES;
				GCC_C_LANGUAGE_STANDARD = gnu11;
				GCC_NO_COMMON_BLOCKS = YES;
				GCC_WARN_64_TO_32_BIT_CONVERSION = YES;
				GCC_WARN_ABOUT_RETURN_TYPE = YES_ERROR;
				GCC_WARN_UNDECLARED_SELECTOR = YES;
				GCC_WARN_UNINITIALIZED_AUTOS = YES_AGGRESSIVE;
				GCC_WARN_UNUSED_FUNCTION = YES;
				GCC_WARN_UNUSED_VARIABLE = YES;
				MACOSX_DEPLOYMENT_TARGET = 13.1;
				MTL_ENABLE_DEBUG_INFO = NO;
				MTL_FAST_MATH = YES;
				SDKROOT = macosx;
			};
			name = Release;
		};
		40DABBA429B9F23C00016198 /* Debug */ = {
			isa = XCBuildConfiguration;
			buildSettings = {
				CODE_SIGN_STYLE = Automatic;
				HEADER_SEARCH_PATHS = /opt/homebrew/include;
				LIBRARY_SEARCH_PATHS = (
					"$(inherited)",
					/opt/homebrew/Cellar/glfw/3.3.8/lib,
				);
				PRODUCT_NAME = "$(TARGET_NAME)";
			};
			name = Debug;
		};
		40DABBA529B9F23C00016198 /* Release */ = {
			isa = XCBuildConfiguration;
			buildSettings = {
				CODE_SIGN_STYLE = Automatic;
				HEADER_SEARCH_PATHS = /opt/homebrew/include;
				LIBRARY_SEARCH_PATHS = (
					"$(inherited)",
					/opt/homebrew/Cellar/glfw/3.3.8/lib,
				);
				PRODUCT_NAME = "$(TARGET_NAME)";
			};
			name = Release;
		};
/* End XCBuildConfiguration section */

/* Begin XCConfigurationList section */
		40DABB9729B9F23C00016198 /* Build configuration list for PBXProject "TexturesExcercise1" */ = {
			isa = XCConfigurationList;
			buildConfigurations = (
				40DABBA129B9F23C00016198 /* Debug */,
				40DABBA229B9F23C00016198 /* Release */,
			);
			defaultConfigurationIsVisible = 0;
			defaultConfigurationName = Release;
		};
		40DABBA329B9F23C00016198 /* Build configuration list for PBXNativeTarget "TexturesExcercise1" */ = {
			isa = XCConfigurationList;
			buildConfigurations = (
				40DABBA429B9F23C00016198 /* Debug */,
				40DABBA529B9F23C00016198 /* Release */,
			);
			defaultConfigurationIsVisible = 0;
			defaultConfigurationName = Release;
		};
/* End XCConfigurationList section */
	};
	rootObject = 40DABB9429B9F23C00016198 /* Project object */;
}
